
Microsoft Visual Studio Solution File, Format Version 12.00
# Visual Studio 2013
VisualStudioVersion = 12.0.30501.0
MinimumVisualStudioVersion = 10.0.40219.1
Project("{FAE04EC0-301F-11D3-BF4B-00C04F79EFBC}") = "Shane.Church.StirlingMoney.Data", "Shane.Church.StirlingMoney.Data\Shane.Church.StirlingMoney.Data.csproj", "{146ED221-2FCD-42B6-8A1E-88E43DD00C8A}"
EndProject
Project("{2150E333-8FDC-42A3-9474-1A3956D46DE8}") = "Core", "Core", "{72373023-72DC-42D1-A4CE-F1B21276D20E}"
EndProject
Project("{2150E333-8FDC-42A3-9474-1A3956D46DE8}") = "Windows 8", "Windows 8", "{DC206565-1379-4567-AEAA-E7CCA3E8E435}"
EndProject
Project("{2150E333-8FDC-42A3-9474-1A3956D46DE8}") = "Windows Phone", "Windows Phone", "{0220AF3A-E842-4792-8ED0-763BB6A68727}"
EndProject
Project("{FAE04EC0-301F-11D3-BF4B-00C04F79EFBC}") = "Shane.Church.StirlingMoney.Core", "Shane.Church.StirlingMoney.Core\Shane.Church.StirlingMoney.Core.csproj", "{4E5D8824-CC49-41A4-BC97-3E5BC5378754}"
EndProject
Project("{FAE04EC0-301F-11D3-BF4B-00C04F79EFBC}") = "Shane.Church.Utility.Core", "Shane.Church.Utility.Core\Shane.Church.Utility.Core.csproj", "{A28A5353-AFBB-4F9E-A1AA-1C9B49523028}"
EndProject
Project("{FAE04EC0-301F-11D3-BF4B-00C04F79EFBC}") = "Shane.Church.Utility.Core.WP", "Shane.Church.Utility.Core.WP\Shane.Church.Utility.Core.WP.csproj", "{75A3873F-015F-4784-B6A6-8A4484FBE48D}"
EndProject
Project("{FAE04EC0-301F-11D3-BF4B-00C04F79EFBC}") = "Shane.Church.StirlingMoney.Core.WP", "Shane.Church.StirlingMoney.Core.WP\Shane.Church.StirlingMoney.Core.WP.csproj", "{3FBC6023-4FDA-40DE-9937-6CA019ADD09A}"
EndProject
Project("{FAE04EC0-301F-11D3-BF4B-00C04F79EFBC}") = "Shane.Church.StirlingMoney.Strings", "Shane.Church.StirlingMoney.Strings\Shane.Church.StirlingMoney.Strings.csproj", "{E66B6C80-38B7-4929-B6B9-B9FC8F62C356}"
EndProject
Project("{FAE04EC0-301F-11D3-BF4B-00C04F79EFBC}") = "Shane.Church.StirlingMoney.Core.SterlingDb", "Shane.Church.StirlingMoney.Core.SterlingDb\Shane.Church.StirlingMoney.Core.SterlingDb.csproj", "{7EDFE360-EEFA-42DC-A5DA-DCEFFA32DEFE}"
EndProject
Project("{FAE04EC0-301F-11D3-BF4B-00C04F79EFBC}") = "Shane.Church.StirlingMoney.WP8", "Shane.Church.StirlingMoney.WP8\Shane.Church.StirlingMoney.WP8.csproj", "{71B78345-8B19-4FCD-881A-D6A2D137E522}"
EndProject
Project("{FAE04EC0-301F-11D3-BF4B-00C04F79EFBC}") = "Shane.Church.Utility.Core.Win8", "Shane.Church.Utility.Core.Win8\Shane.Church.Utility.Core.Win8.csproj", "{5A682B87-3AF5-41F7-96B8-BAF0D9E2FD67}"
EndProject
Project("{FAE04EC0-301F-11D3-BF4B-00C04F79EFBC}") = "Shane.Church.StirlingMoney.Win8", "Shane.Church.StirlingMoney.Win8\Shane.Church.StirlingMoney.Win8.csproj", "{FE0D900E-D3AB-44E6-AF92-F0B4768AB512}"
EndProject
Project("{FAE04EC0-301F-11D3-BF4B-00C04F79EFBC}") = "Shane.Church.StirlingMoney.Core.Win8", "Shane.Church.StirlingMoney.Core.Win8\Shane.Church.StirlingMoney.Core.Win8.csproj", "{EA7A47C6-7AEB-4E82-8CA7-47C47A29AD86}"
EndProject
Project("{2150E333-8FDC-42A3-9474-1A3956D46DE8}") = "Solution Items", "Solution Items", "{4FDA51E7-5062-41E8-972F-A0A08D7C5D87}"
	ProjectSection(SolutionItems) = preProject
		SharedAssemblyInfo.cs = SharedAssemblyInfo.cs
	EndProjectSection
EndProject
Global
	GlobalSection(SolutionConfigurationPlatforms) = preSolution
		Debug Agent|Any CPU = Debug Agent|Any CPU
		Debug Agent|ARM = Debug Agent|ARM
		Debug Agent|x64 = Debug Agent|x64
		Debug Agent|x86 = Debug Agent|x86
		Debug Personal|Any CPU = Debug Personal|Any CPU
		Debug Personal|ARM = Debug Personal|ARM
		Debug Personal|x64 = Debug Personal|x64
		Debug Personal|x86 = Debug Personal|x86
		Debug Trial|Any CPU = Debug Trial|Any CPU
		Debug Trial|ARM = Debug Trial|ARM
		Debug Trial|x64 = Debug Trial|x64
		Debug Trial|x86 = Debug Trial|x86
		Debug|Any CPU = Debug|Any CPU
		Debug|ARM = Debug|ARM
		Debug|x64 = Debug|x64
		Debug|x86 = Debug|x86
		DebugPersonal|Any CPU = DebugPersonal|Any CPU
		DebugPersonal|ARM = DebugPersonal|ARM
		DebugPersonal|x64 = DebugPersonal|x64
		DebugPersonal|x86 = DebugPersonal|x86
		Release Peronal|Any CPU = Release Peronal|Any CPU
		Release Peronal|ARM = Release Peronal|ARM
		Release Peronal|x64 = Release Peronal|x64
		Release Peronal|x86 = Release Peronal|x86
		Release Personal|Any CPU = Release Personal|Any CPU
		Release Personal|ARM = Release Personal|ARM
		Release Personal|x64 = Release Personal|x64
		Release Personal|x86 = Release Personal|x86
		Release|Any CPU = Release|Any CPU
		Release|ARM = Release|ARM
		Release|x64 = Release|x64
		Release|x86 = Release|x86
	EndGlobalSection
	GlobalSection(ProjectConfigurationPlatforms) = postSolution
		{146ED221-2FCD-42B6-8A1E-88E43DD00C8A}.Debug Agent|Any CPU.ActiveCfg = Debug Agent|Any CPU
		{146ED221-2FCD-42B6-8A1E-88E43DD00C8A}.Debug Agent|Any CPU.Build.0 = Debug Agent|Any CPU
		{146ED221-2FCD-42B6-8A1E-88E43DD00C8A}.Debug Agent|ARM.ActiveCfg = Debug Agent|Any CPU
		{146ED221-2FCD-42B6-8A1E-88E43DD00C8A}.Debug Agent|x64.ActiveCfg = Debug Agent|Any CPU
		{146ED221-2FCD-42B6-8A1E-88E43DD00C8A}.Debug Agent|x86.ActiveCfg = Debug Agent|Any CPU
		{146ED221-2FCD-42B6-8A1E-88E43DD00C8A}.Debug Personal|Any CPU.ActiveCfg = Debug Personal|Any CPU
		{146ED221-2FCD-42B6-8A1E-88E43DD00C8A}.Debug Personal|Any CPU.Build.0 = Debug Personal|Any CPU
		{146ED221-2FCD-42B6-8A1E-88E43DD00C8A}.Debug Personal|ARM.ActiveCfg = Debug Personal|Any CPU
		{146ED221-2FCD-42B6-8A1E-88E43DD00C8A}.Debug Personal|x64.ActiveCfg = Debug Personal|Any CPU
		{146ED221-2FCD-42B6-8A1E-88E43DD00C8A}.Debug Personal|x86.ActiveCfg = Debug Personal|Any CPU
		{146ED221-2FCD-42B6-8A1E-88E43DD00C8A}.Debug Trial|Any CPU.ActiveCfg = Debug Trial|Any CPU
		{146ED221-2FCD-42B6-8A1E-88E43DD00C8A}.Debug Trial|Any CPU.Build.0 = Debug Trial|Any CPU
		{146ED221-2FCD-42B6-8A1E-88E43DD00C8A}.Debug Trial|ARM.ActiveCfg = Debug Trial|Any CPU
		{146ED221-2FCD-42B6-8A1E-88E43DD00C8A}.Debug Trial|x64.ActiveCfg = Debug Trial|Any CPU
		{146ED221-2FCD-42B6-8A1E-88E43DD00C8A}.Debug Trial|x86.ActiveCfg = Debug Trial|Any CPU
		{146ED221-2FCD-42B6-8A1E-88E43DD00C8A}.Debug|Any CPU.ActiveCfg = Debug|Any CPU
		{146ED221-2FCD-42B6-8A1E-88E43DD00C8A}.Debug|Any CPU.Build.0 = Debug|Any CPU
		{146ED221-2FCD-42B6-8A1E-88E43DD00C8A}.Debug|ARM.ActiveCfg = Debug|Any CPU
		{146ED221-2FCD-42B6-8A1E-88E43DD00C8A}.Debug|x64.ActiveCfg = Debug|Any CPU
		{146ED221-2FCD-42B6-8A1E-88E43DD00C8A}.Debug|x86.ActiveCfg = Debug|Any CPU
		{146ED221-2FCD-42B6-8A1E-88E43DD00C8A}.DebugPersonal|Any CPU.ActiveCfg = Debug|Any CPU
		{146ED221-2FCD-42B6-8A1E-88E43DD00C8A}.DebugPersonal|Any CPU.Build.0 = Debug|Any CPU
		{146ED221-2FCD-42B6-8A1E-88E43DD00C8A}.DebugPersonal|ARM.ActiveCfg = Debug Agent|ARM
		{146ED221-2FCD-42B6-8A1E-88E43DD00C8A}.DebugPersonal|ARM.Build.0 = Debug Agent|ARM
		{146ED221-2FCD-42B6-8A1E-88E43DD00C8A}.DebugPersonal|x64.ActiveCfg = Debug|Any CPU
		{146ED221-2FCD-42B6-8A1E-88E43DD00C8A}.DebugPersonal|x86.ActiveCfg = Debug Agent|x86
		{146ED221-2FCD-42B6-8A1E-88E43DD00C8A}.DebugPersonal|x86.Build.0 = Debug Agent|x86
		{146ED221-2FCD-42B6-8A1E-88E43DD00C8A}.Release Peronal|Any CPU.ActiveCfg = Release Personal|Any CPU
		{146ED221-2FCD-42B6-8A1E-88E43DD00C8A}.Release Peronal|Any CPU.Build.0 = Release Personal|Any CPU
		{146ED221-2FCD-42B6-8A1E-88E43DD00C8A}.Release Peronal|ARM.ActiveCfg = Release Personal|ARM
		{146ED221-2FCD-42B6-8A1E-88E43DD00C8A}.Release Peronal|ARM.Build.0 = Release Personal|ARM
		{146ED221-2FCD-42B6-8A1E-88E43DD00C8A}.Release Peronal|x64.ActiveCfg = Release Personal|Any CPU
		{146ED221-2FCD-42B6-8A1E-88E43DD00C8A}.Release Peronal|x86.ActiveCfg = Release Personal|x86
		{146ED221-2FCD-42B6-8A1E-88E43DD00C8A}.Release Peronal|x86.Build.0 = Release Personal|x86
		{146ED221-2FCD-42B6-8A1E-88E43DD00C8A}.Release Personal|Any CPU.ActiveCfg = Release Personal|Any CPU
		{146ED221-2FCD-42B6-8A1E-88E43DD00C8A}.Release Personal|Any CPU.Build.0 = Release Personal|Any CPU
		{146ED221-2FCD-42B6-8A1E-88E43DD00C8A}.Release Personal|ARM.ActiveCfg = Release Personal|Any CPU
		{146ED221-2FCD-42B6-8A1E-88E43DD00C8A}.Release Personal|x64.ActiveCfg = Release Personal|Any CPU
		{146ED221-2FCD-42B6-8A1E-88E43DD00C8A}.Release Personal|x86.ActiveCfg = Release Personal|Any CPU
		{146ED221-2FCD-42B6-8A1E-88E43DD00C8A}.Release|Any CPU.ActiveCfg = Release|Any CPU
		{146ED221-2FCD-42B6-8A1E-88E43DD00C8A}.Release|Any CPU.Build.0 = Release|Any CPU
		{146ED221-2FCD-42B6-8A1E-88E43DD00C8A}.Release|ARM.ActiveCfg = Release|Any CPU
		{146ED221-2FCD-42B6-8A1E-88E43DD00C8A}.Release|x64.ActiveCfg = Release|Any CPU
		{146ED221-2FCD-42B6-8A1E-88E43DD00C8A}.Release|x86.ActiveCfg = Release|Any CPU
		{4E5D8824-CC49-41A4-BC97-3E5BC5378754}.Debug Agent|Any CPU.ActiveCfg = Debug Agent|Any CPU
		{4E5D8824-CC49-41A4-BC97-3E5BC5378754}.Debug Agent|Any CPU.Build.0 = Debug Agent|Any CPU
		{4E5D8824-CC49-41A4-BC97-3E5BC5378754}.Debug Agent|ARM.ActiveCfg = Debug Agent|Any CPU
		{4E5D8824-CC49-41A4-BC97-3E5BC5378754}.Debug Agent|x64.ActiveCfg = Debug Agent|Any CPU
		{4E5D8824-CC49-41A4-BC97-3E5BC5378754}.Debug Agent|x86.ActiveCfg = Debug Agent|Any CPU
		{4E5D8824-CC49-41A4-BC97-3E5BC5378754}.Debug Personal|Any CPU.ActiveCfg = Debug Personal|Any CPU
		{4E5D8824-CC49-41A4-BC97-3E5BC5378754}.Debug Personal|Any CPU.Build.0 = Debug Personal|Any CPU
		{4E5D8824-CC49-41A4-BC97-3E5BC5378754}.Debug Personal|ARM.ActiveCfg = Debug Personal|Any CPU
		{4E5D8824-CC49-41A4-BC97-3E5BC5378754}.Debug Personal|x64.ActiveCfg = Debug Personal|Any CPU
		{4E5D8824-CC49-41A4-BC97-3E5BC5378754}.Debug Personal|x86.ActiveCfg = Debug Personal|Any CPU
		{4E5D8824-CC49-41A4-BC97-3E5BC5378754}.Debug Trial|Any CPU.ActiveCfg = Debug Trial|Any CPU
		{4E5D8824-CC49-41A4-BC97-3E5BC5378754}.Debug Trial|Any CPU.Build.0 = Debug Trial|Any CPU
		{4E5D8824-CC49-41A4-BC97-3E5BC5378754}.Debug Trial|ARM.ActiveCfg = Debug Trial|Any CPU
		{4E5D8824-CC49-41A4-BC97-3E5BC5378754}.Debug Trial|x64.ActiveCfg = Debug Trial|Any CPU
		{4E5D8824-CC49-41A4-BC97-3E5BC5378754}.Debug Trial|x86.ActiveCfg = Debug Trial|Any CPU
		{4E5D8824-CC49-41A4-BC97-3E5BC5378754}.Debug|Any CPU.ActiveCfg = Debug|Any CPU
		{4E5D8824-CC49-41A4-BC97-3E5BC5378754}.Debug|Any CPU.Build.0 = Debug|Any CPU
		{4E5D8824-CC49-41A4-BC97-3E5BC5378754}.Debug|ARM.ActiveCfg = Debug|Any CPU
		{4E5D8824-CC49-41A4-BC97-3E5BC5378754}.Debug|x64.ActiveCfg = Debug|Any CPU
		{4E5D8824-CC49-41A4-BC97-3E5BC5378754}.Debug|x86.ActiveCfg = Debug|Any CPU
		{4E5D8824-CC49-41A4-BC97-3E5BC5378754}.DebugPersonal|Any CPU.ActiveCfg = Debug|Any CPU
		{4E5D8824-CC49-41A4-BC97-3E5BC5378754}.DebugPersonal|Any CPU.Build.0 = Debug|Any CPU
		{4E5D8824-CC49-41A4-BC97-3E5BC5378754}.DebugPersonal|ARM.ActiveCfg = Debug|Any CPU
		{4E5D8824-CC49-41A4-BC97-3E5BC5378754}.DebugPersonal|x64.ActiveCfg = Debug|Any CPU
		{4E5D8824-CC49-41A4-BC97-3E5BC5378754}.DebugPersonal|x86.ActiveCfg = Debug|Any CPU
		{4E5D8824-CC49-41A4-BC97-3E5BC5378754}.Release Peronal|Any CPU.ActiveCfg = Release Personal|Any CPU
		{4E5D8824-CC49-41A4-BC97-3E5BC5378754}.Release Peronal|Any CPU.Build.0 = Release Personal|Any CPU
		{4E5D8824-CC49-41A4-BC97-3E5BC5378754}.Release Peronal|ARM.ActiveCfg = Release Personal|Any CPU
		{4E5D8824-CC49-41A4-BC97-3E5BC5378754}.Release Peronal|x64.ActiveCfg = Release Personal|Any CPU
		{4E5D8824-CC49-41A4-BC97-3E5BC5378754}.Release Peronal|x86.ActiveCfg = Release Personal|Any CPU
		{4E5D8824-CC49-41A4-BC97-3E5BC5378754}.Release Personal|Any CPU.ActiveCfg = Release Personal|Any CPU
		{4E5D8824-CC49-41A4-BC97-3E5BC5378754}.Release Personal|Any CPU.Build.0 = Release Personal|Any CPU
		{4E5D8824-CC49-41A4-BC97-3E5BC5378754}.Release Personal|ARM.ActiveCfg = Release Personal|Any CPU
		{4E5D8824-CC49-41A4-BC97-3E5BC5378754}.Release Personal|x64.ActiveCfg = Release Personal|Any CPU
		{4E5D8824-CC49-41A4-BC97-3E5BC5378754}.Release Personal|x86.ActiveCfg = Release Personal|Any CPU
		{4E5D8824-CC49-41A4-BC97-3E5BC5378754}.Release|Any CPU.ActiveCfg = Release|Any CPU
		{4E5D8824-CC49-41A4-BC97-3E5BC5378754}.Release|Any CPU.Build.0 = Release|Any CPU
		{4E5D8824-CC49-41A4-BC97-3E5BC5378754}.Release|ARM.ActiveCfg = Release|Any CPU
		{4E5D8824-CC49-41A4-BC97-3E5BC5378754}.Release|x64.ActiveCfg = Release|Any CPU
		{4E5D8824-CC49-41A4-BC97-3E5BC5378754}.Release|x86.ActiveCfg = Release|Any CPU
		{A28A5353-AFBB-4F9E-A1AA-1C9B49523028}.Debug Agent|Any CPU.ActiveCfg = Debug Agent|Any CPU
		{A28A5353-AFBB-4F9E-A1AA-1C9B49523028}.Debug Agent|Any CPU.Build.0 = Debug Agent|Any CPU
		{A28A5353-AFBB-4F9E-A1AA-1C9B49523028}.Debug Agent|ARM.ActiveCfg = Debug Agent|Any CPU
		{A28A5353-AFBB-4F9E-A1AA-1C9B49523028}.Debug Agent|x64.ActiveCfg = Debug Agent|Any CPU
		{A28A5353-AFBB-4F9E-A1AA-1C9B49523028}.Debug Agent|x86.ActiveCfg = Debug Agent|Any CPU
		{A28A5353-AFBB-4F9E-A1AA-1C9B49523028}.Debug Personal|Any CPU.ActiveCfg = Debug Personal|Any CPU
		{A28A5353-AFBB-4F9E-A1AA-1C9B49523028}.Debug Personal|Any CPU.Build.0 = Debug Personal|Any CPU
		{A28A5353-AFBB-4F9E-A1AA-1C9B49523028}.Debug Personal|ARM.ActiveCfg = Debug Personal|Any CPU
		{A28A5353-AFBB-4F9E-A1AA-1C9B49523028}.Debug Personal|x64.ActiveCfg = Debug Personal|Any CPU
		{A28A5353-AFBB-4F9E-A1AA-1C9B49523028}.Debug Personal|x86.ActiveCfg = Debug Personal|Any CPU
		{A28A5353-AFBB-4F9E-A1AA-1C9B49523028}.Debug Trial|Any CPU.ActiveCfg = Debug Trial|Any CPU
		{A28A5353-AFBB-4F9E-A1AA-1C9B49523028}.Debug Trial|Any CPU.Build.0 = Debug Trial|Any CPU
		{A28A5353-AFBB-4F9E-A1AA-1C9B49523028}.Debug Trial|ARM.ActiveCfg = Debug Trial|Any CPU
		{A28A5353-AFBB-4F9E-A1AA-1C9B49523028}.Debug Trial|x64.ActiveCfg = Debug Trial|Any CPU
		{A28A5353-AFBB-4F9E-A1AA-1C9B49523028}.Debug Trial|x86.ActiveCfg = Debug Trial|Any CPU
		{A28A5353-AFBB-4F9E-A1AA-1C9B49523028}.Debug|Any CPU.ActiveCfg = Debug|Any CPU
		{A28A5353-AFBB-4F9E-A1AA-1C9B49523028}.Debug|Any CPU.Build.0 = Debug|Any CPU
		{A28A5353-AFBB-4F9E-A1AA-1C9B49523028}.Debug|ARM.ActiveCfg = Debug|Any CPU
		{A28A5353-AFBB-4F9E-A1AA-1C9B49523028}.Debug|x64.ActiveCfg = Debug|Any CPU
		{A28A5353-AFBB-4F9E-A1AA-1C9B49523028}.Debug|x86.ActiveCfg = Debug|Any CPU
		{A28A5353-AFBB-4F9E-A1AA-1C9B49523028}.DebugPersonal|Any CPU.ActiveCfg = Debug|Any CPU
		{A28A5353-AFBB-4F9E-A1AA-1C9B49523028}.DebugPersonal|Any CPU.Build.0 = Debug|Any CPU
		{A28A5353-AFBB-4F9E-A1AA-1C9B49523028}.DebugPersonal|ARM.ActiveCfg = Debug|Any CPU
		{A28A5353-AFBB-4F9E-A1AA-1C9B49523028}.DebugPersonal|x64.ActiveCfg = Debug|Any CPU
		{A28A5353-AFBB-4F9E-A1AA-1C9B49523028}.DebugPersonal|x86.ActiveCfg = Debug|Any CPU
		{A28A5353-AFBB-4F9E-A1AA-1C9B49523028}.Release Peronal|Any CPU.ActiveCfg = Release Personal|Any CPU
		{A28A5353-AFBB-4F9E-A1AA-1C9B49523028}.Release Peronal|Any CPU.Build.0 = Release Personal|Any CPU
		{A28A5353-AFBB-4F9E-A1AA-1C9B49523028}.Release Peronal|ARM.ActiveCfg = Release Personal|Any CPU
		{A28A5353-AFBB-4F9E-A1AA-1C9B49523028}.Release Peronal|x64.ActiveCfg = Release Personal|Any CPU
		{A28A5353-AFBB-4F9E-A1AA-1C9B49523028}.Release Peronal|x86.ActiveCfg = Release Personal|Any CPU
		{A28A5353-AFBB-4F9E-A1AA-1C9B49523028}.Release Personal|Any CPU.ActiveCfg = Release Personal|Any CPU
		{A28A5353-AFBB-4F9E-A1AA-1C9B49523028}.Release Personal|Any CPU.Build.0 = Release Personal|Any CPU
		{A28A5353-AFBB-4F9E-A1AA-1C9B49523028}.Release Personal|ARM.ActiveCfg = Release Personal|Any CPU
		{A28A5353-AFBB-4F9E-A1AA-1C9B49523028}.Release Personal|x64.ActiveCfg = Release Personal|Any CPU
		{A28A5353-AFBB-4F9E-A1AA-1C9B49523028}.Release Personal|x86.ActiveCfg = Release Personal|Any CPU
		{A28A5353-AFBB-4F9E-A1AA-1C9B49523028}.Release|Any CPU.ActiveCfg = Release|Any CPU
		{A28A5353-AFBB-4F9E-A1AA-1C9B49523028}.Release|Any CPU.Build.0 = Release|Any CPU
		{A28A5353-AFBB-4F9E-A1AA-1C9B49523028}.Release|ARM.ActiveCfg = Release|Any CPU
		{A28A5353-AFBB-4F9E-A1AA-1C9B49523028}.Release|x64.ActiveCfg = Release|Any CPU
		{A28A5353-AFBB-4F9E-A1AA-1C9B49523028}.Release|x86.ActiveCfg = Release|Any CPU
		{75A3873F-015F-4784-B6A6-8A4484FBE48D}.Debug Agent|Any CPU.ActiveCfg = Debug Agent|Any CPU
		{75A3873F-015F-4784-B6A6-8A4484FBE48D}.Debug Agent|Any CPU.Build.0 = Debug Agent|Any CPU
		{75A3873F-015F-4784-B6A6-8A4484FBE48D}.Debug Agent|ARM.ActiveCfg = Debug Agent|Any CPU
		{75A3873F-015F-4784-B6A6-8A4484FBE48D}.Debug Agent|x64.ActiveCfg = Debug Agent|Any CPU
		{75A3873F-015F-4784-B6A6-8A4484FBE48D}.Debug Agent|x86.ActiveCfg = Debug Agent|Any CPU
		{75A3873F-015F-4784-B6A6-8A4484FBE48D}.Debug Personal|Any CPU.ActiveCfg = Debug Personal|Any CPU
		{75A3873F-015F-4784-B6A6-8A4484FBE48D}.Debug Personal|Any CPU.Build.0 = Debug Personal|Any CPU
		{75A3873F-015F-4784-B6A6-8A4484FBE48D}.Debug Personal|ARM.ActiveCfg = Debug Personal|Any CPU
		{75A3873F-015F-4784-B6A6-8A4484FBE48D}.Debug Personal|x64.ActiveCfg = Debug Personal|Any CPU
		{75A3873F-015F-4784-B6A6-8A4484FBE48D}.Debug Personal|x86.ActiveCfg = Debug Personal|Any CPU
		{75A3873F-015F-4784-B6A6-8A4484FBE48D}.Debug Trial|Any CPU.ActiveCfg = Debug Trial|Any CPU
		{75A3873F-015F-4784-B6A6-8A4484FBE48D}.Debug Trial|Any CPU.Build.0 = Debug Trial|Any CPU
		{75A3873F-015F-4784-B6A6-8A4484FBE48D}.Debug Trial|ARM.ActiveCfg = Debug Trial|Any CPU
		{75A3873F-015F-4784-B6A6-8A4484FBE48D}.Debug Trial|x64.ActiveCfg = Debug Trial|Any CPU
		{75A3873F-015F-4784-B6A6-8A4484FBE48D}.Debug Trial|x86.ActiveCfg = Debug Trial|Any CPU
		{75A3873F-015F-4784-B6A6-8A4484FBE48D}.Debug|Any CPU.ActiveCfg = Debug|Any CPU
		{75A3873F-015F-4784-B6A6-8A4484FBE48D}.Debug|Any CPU.Build.0 = Debug|Any CPU
		{75A3873F-015F-4784-B6A6-8A4484FBE48D}.Debug|ARM.ActiveCfg = Debug|Any CPU
		{75A3873F-015F-4784-B6A6-8A4484FBE48D}.Debug|x64.ActiveCfg = Debug|Any CPU
		{75A3873F-015F-4784-B6A6-8A4484FBE48D}.Debug|x86.ActiveCfg = Debug|Any CPU
		{75A3873F-015F-4784-B6A6-8A4484FBE48D}.DebugPersonal|Any CPU.ActiveCfg = Debug|Any CPU
		{75A3873F-015F-4784-B6A6-8A4484FBE48D}.DebugPersonal|Any CPU.Build.0 = Debug|Any CPU
		{75A3873F-015F-4784-B6A6-8A4484FBE48D}.DebugPersonal|ARM.ActiveCfg = Debug Agent|ARM
		{75A3873F-015F-4784-B6A6-8A4484FBE48D}.DebugPersonal|ARM.Build.0 = Debug Agent|ARM
		{75A3873F-015F-4784-B6A6-8A4484FBE48D}.DebugPersonal|x64.ActiveCfg = Debug|Any CPU
		{75A3873F-015F-4784-B6A6-8A4484FBE48D}.DebugPersonal|x86.ActiveCfg = Debug Agent|x86
		{75A3873F-015F-4784-B6A6-8A4484FBE48D}.DebugPersonal|x86.Build.0 = Debug Agent|x86
		{75A3873F-015F-4784-B6A6-8A4484FBE48D}.Release Peronal|Any CPU.ActiveCfg = Release Personal|Any CPU
		{75A3873F-015F-4784-B6A6-8A4484FBE48D}.Release Peronal|Any CPU.Build.0 = Release Personal|Any CPU
		{75A3873F-015F-4784-B6A6-8A4484FBE48D}.Release Peronal|ARM.ActiveCfg = Release Personal|ARM
		{75A3873F-015F-4784-B6A6-8A4484FBE48D}.Release Peronal|ARM.Build.0 = Release Personal|ARM
		{75A3873F-015F-4784-B6A6-8A4484FBE48D}.Release Peronal|x64.ActiveCfg = Release Personal|Any CPU
		{75A3873F-015F-4784-B6A6-8A4484FBE48D}.Release Peronal|x86.ActiveCfg = Release Personal|x86
		{75A3873F-015F-4784-B6A6-8A4484FBE48D}.Release Peronal|x86.Build.0 = Release Personal|x86
		{75A3873F-015F-4784-B6A6-8A4484FBE48D}.Release Personal|Any CPU.ActiveCfg = Release Personal|Any CPU
		{75A3873F-015F-4784-B6A6-8A4484FBE48D}.Release Personal|Any CPU.Build.0 = Release Personal|Any CPU
		{75A3873F-015F-4784-B6A6-8A4484FBE48D}.Release Personal|ARM.ActiveCfg = Release Personal|Any CPU
		{75A3873F-015F-4784-B6A6-8A4484FBE48D}.Release Personal|x64.ActiveCfg = Release Personal|Any CPU
		{75A3873F-015F-4784-B6A6-8A4484FBE48D}.Release Personal|x86.ActiveCfg = Release Personal|Any CPU
		{75A3873F-015F-4784-B6A6-8A4484FBE48D}.Release|Any CPU.ActiveCfg = Release|Any CPU
		{75A3873F-015F-4784-B6A6-8A4484FBE48D}.Release|Any CPU.Build.0 = Release|Any CPU
		{75A3873F-015F-4784-B6A6-8A4484FBE48D}.Release|ARM.ActiveCfg = Release|Any CPU
		{75A3873F-015F-4784-B6A6-8A4484FBE48D}.Release|x64.ActiveCfg = Release|Any CPU
		{75A3873F-015F-4784-B6A6-8A4484FBE48D}.Release|x86.ActiveCfg = Release|Any CPU
		{3FBC6023-4FDA-40DE-9937-6CA019ADD09A}.Debug Agent|Any CPU.ActiveCfg = Debug Agent|Any CPU
		{3FBC6023-4FDA-40DE-9937-6CA019ADD09A}.Debug Agent|Any CPU.Build.0 = Debug Agent|Any CPU
		{3FBC6023-4FDA-40DE-9937-6CA019ADD09A}.Debug Agent|ARM.ActiveCfg = Debug Agent|Any CPU
		{3FBC6023-4FDA-40DE-9937-6CA019ADD09A}.Debug Agent|x64.ActiveCfg = Debug Agent|Any CPU
		{3FBC6023-4FDA-40DE-9937-6CA019ADD09A}.Debug Agent|x86.ActiveCfg = Debug Agent|Any CPU
		{3FBC6023-4FDA-40DE-9937-6CA019ADD09A}.Debug Personal|Any CPU.ActiveCfg = Debug Personal|Any CPU
		{3FBC6023-4FDA-40DE-9937-6CA019ADD09A}.Debug Personal|Any CPU.Build.0 = Debug Personal|Any CPU
		{3FBC6023-4FDA-40DE-9937-6CA019ADD09A}.Debug Personal|ARM.ActiveCfg = Debug Personal|Any CPU
		{3FBC6023-4FDA-40DE-9937-6CA019ADD09A}.Debug Personal|x64.ActiveCfg = Debug Personal|Any CPU
		{3FBC6023-4FDA-40DE-9937-6CA019ADD09A}.Debug Personal|x86.ActiveCfg = Debug Personal|Any CPU
		{3FBC6023-4FDA-40DE-9937-6CA019ADD09A}.Debug Trial|Any CPU.ActiveCfg = Debug Trial|Any CPU
		{3FBC6023-4FDA-40DE-9937-6CA019ADD09A}.Debug Trial|Any CPU.Build.0 = Debug Trial|Any CPU
		{3FBC6023-4FDA-40DE-9937-6CA019ADD09A}.Debug Trial|ARM.ActiveCfg = Debug Trial|Any CPU
		{3FBC6023-4FDA-40DE-9937-6CA019ADD09A}.Debug Trial|x64.ActiveCfg = Debug Trial|Any CPU
		{3FBC6023-4FDA-40DE-9937-6CA019ADD09A}.Debug Trial|x86.ActiveCfg = Debug Trial|Any CPU
		{3FBC6023-4FDA-40DE-9937-6CA019ADD09A}.Debug|Any CPU.ActiveCfg = Debug|Any CPU
		{3FBC6023-4FDA-40DE-9937-6CA019ADD09A}.Debug|Any CPU.Build.0 = Debug|Any CPU
		{3FBC6023-4FDA-40DE-9937-6CA019ADD09A}.Debug|ARM.ActiveCfg = Debug|Any CPU
		{3FBC6023-4FDA-40DE-9937-6CA019ADD09A}.Debug|x64.ActiveCfg = Debug|Any CPU
		{3FBC6023-4FDA-40DE-9937-6CA019ADD09A}.Debug|x86.ActiveCfg = Debug|Any CPU
		{3FBC6023-4FDA-40DE-9937-6CA019ADD09A}.DebugPersonal|Any CPU.ActiveCfg = Debug|Any CPU
		{3FBC6023-4FDA-40DE-9937-6CA019ADD09A}.DebugPersonal|Any CPU.Build.0 = Debug|Any CPU
		{3FBC6023-4FDA-40DE-9937-6CA019ADD09A}.DebugPersonal|ARM.ActiveCfg = Debug Agent|ARM
		{3FBC6023-4FDA-40DE-9937-6CA019ADD09A}.DebugPersonal|ARM.Build.0 = Debug Agent|ARM
		{3FBC6023-4FDA-40DE-9937-6CA019ADD09A}.DebugPersonal|x64.ActiveCfg = Debug|Any CPU
		{3FBC6023-4FDA-40DE-9937-6CA019ADD09A}.DebugPersonal|x86.ActiveCfg = Debug Agent|x86
		{3FBC6023-4FDA-40DE-9937-6CA019ADD09A}.DebugPersonal|x86.Build.0 = Debug Agent|x86
		{3FBC6023-4FDA-40DE-9937-6CA019ADD09A}.Release Peronal|Any CPU.ActiveCfg = Release Personal|Any CPU
		{3FBC6023-4FDA-40DE-9937-6CA019ADD09A}.Release Peronal|Any CPU.Build.0 = Release Personal|Any CPU
		{3FBC6023-4FDA-40DE-9937-6CA019ADD09A}.Release Peronal|ARM.ActiveCfg = Release Personal|ARM
		{3FBC6023-4FDA-40DE-9937-6CA019ADD09A}.Release Peronal|ARM.Build.0 = Release Personal|ARM
		{3FBC6023-4FDA-40DE-9937-6CA019ADD09A}.Release Peronal|x64.ActiveCfg = Release Personal|Any CPU
		{3FBC6023-4FDA-40DE-9937-6CA019ADD09A}.Release Peronal|x86.ActiveCfg = Release Personal|x86
		{3FBC6023-4FDA-40DE-9937-6CA019ADD09A}.Release Peronal|x86.Build.0 = Release Personal|x86
		{3FBC6023-4FDA-40DE-9937-6CA019ADD09A}.Release Personal|Any CPU.ActiveCfg = Release Personal|Any CPU
		{3FBC6023-4FDA-40DE-9937-6CA019ADD09A}.Release Personal|Any CPU.Build.0 = Release Personal|Any CPU
		{3FBC6023-4FDA-40DE-9937-6CA019ADD09A}.Release Personal|ARM.ActiveCfg = Release Personal|Any CPU
		{3FBC6023-4FDA-40DE-9937-6CA019ADD09A}.Release Personal|x64.ActiveCfg = Release Personal|Any CPU
		{3FBC6023-4FDA-40DE-9937-6CA019ADD09A}.Release Personal|x86.ActiveCfg = Release Personal|Any CPU
		{3FBC6023-4FDA-40DE-9937-6CA019ADD09A}.Release|Any CPU.ActiveCfg = Release|Any CPU
		{3FBC6023-4FDA-40DE-9937-6CA019ADD09A}.Release|Any CPU.Build.0 = Release|Any CPU
		{3FBC6023-4FDA-40DE-9937-6CA019ADD09A}.Release|ARM.ActiveCfg = Release|Any CPU
		{3FBC6023-4FDA-40DE-9937-6CA019ADD09A}.Release|x64.ActiveCfg = Release|Any CPU
		{3FBC6023-4FDA-40DE-9937-6CA019ADD09A}.Release|x86.ActiveCfg = Release|Any CPU
		{E66B6C80-38B7-4929-B6B9-B9FC8F62C356}.Debug Agent|Any CPU.ActiveCfg = Debug Agent|Any CPU
		{E66B6C80-38B7-4929-B6B9-B9FC8F62C356}.Debug Agent|Any CPU.Build.0 = Debug Agent|Any CPU
		{E66B6C80-38B7-4929-B6B9-B9FC8F62C356}.Debug Agent|ARM.ActiveCfg = Debug Agent|Any CPU
		{E66B6C80-38B7-4929-B6B9-B9FC8F62C356}.Debug Agent|x64.ActiveCfg = Debug Agent|Any CPU
		{E66B6C80-38B7-4929-B6B9-B9FC8F62C356}.Debug Agent|x86.ActiveCfg = Debug Agent|Any CPU
		{E66B6C80-38B7-4929-B6B9-B9FC8F62C356}.Debug Personal|Any CPU.ActiveCfg = Debug Personal|Any CPU
		{E66B6C80-38B7-4929-B6B9-B9FC8F62C356}.Debug Personal|Any CPU.Build.0 = Debug Personal|Any CPU
		{E66B6C80-38B7-4929-B6B9-B9FC8F62C356}.Debug Personal|ARM.ActiveCfg = Debug Personal|Any CPU
		{E66B6C80-38B7-4929-B6B9-B9FC8F62C356}.Debug Personal|x64.ActiveCfg = Debug Personal|Any CPU
		{E66B6C80-38B7-4929-B6B9-B9FC8F62C356}.Debug Personal|x86.ActiveCfg = Debug Personal|Any CPU
		{E66B6C80-38B7-4929-B6B9-B9FC8F62C356}.Debug Trial|Any CPU.ActiveCfg = Debug Trial|Any CPU
		{E66B6C80-38B7-4929-B6B9-B9FC8F62C356}.Debug Trial|Any CPU.Build.0 = Debug Trial|Any CPU
		{E66B6C80-38B7-4929-B6B9-B9FC8F62C356}.Debug Trial|ARM.ActiveCfg = Debug Trial|Any CPU
		{E66B6C80-38B7-4929-B6B9-B9FC8F62C356}.Debug Trial|x64.ActiveCfg = Debug Trial|Any CPU
		{E66B6C80-38B7-4929-B6B9-B9FC8F62C356}.Debug Trial|x86.ActiveCfg = Debug Trial|Any CPU
		{E66B6C80-38B7-4929-B6B9-B9FC8F62C356}.Debug|Any CPU.ActiveCfg = Debug|Any CPU
		{E66B6C80-38B7-4929-B6B9-B9FC8F62C356}.Debug|Any CPU.Build.0 = Debug|Any CPU
		{E66B6C80-38B7-4929-B6B9-B9FC8F62C356}.Debug|ARM.ActiveCfg = Debug|Any CPU
		{E66B6C80-38B7-4929-B6B9-B9FC8F62C356}.Debug|x64.ActiveCfg = Debug|Any CPU
		{E66B6C80-38B7-4929-B6B9-B9FC8F62C356}.Debug|x86.ActiveCfg = Debug|Any CPU
		{E66B6C80-38B7-4929-B6B9-B9FC8F62C356}.DebugPersonal|Any CPU.ActiveCfg = Debug|Any CPU
		{E66B6C80-38B7-4929-B6B9-B9FC8F62C356}.DebugPersonal|Any CPU.Build.0 = Debug|Any CPU
		{E66B6C80-38B7-4929-B6B9-B9FC8F62C356}.DebugPersonal|ARM.ActiveCfg = Debug|Any CPU
		{E66B6C80-38B7-4929-B6B9-B9FC8F62C356}.DebugPersonal|x64.ActiveCfg = Debug|Any CPU
		{E66B6C80-38B7-4929-B6B9-B9FC8F62C356}.DebugPersonal|x86.ActiveCfg = Debug|Any CPU
		{E66B6C80-38B7-4929-B6B9-B9FC8F62C356}.Release Peronal|Any CPU.ActiveCfg = Release Personal|Any CPU
		{E66B6C80-38B7-4929-B6B9-B9FC8F62C356}.Release Peronal|Any CPU.Build.0 = Release Personal|Any CPU
		{E66B6C80-38B7-4929-B6B9-B9FC8F62C356}.Release Peronal|ARM.ActiveCfg = Release Personal|Any CPU
		{E66B6C80-38B7-4929-B6B9-B9FC8F62C356}.Release Peronal|x64.ActiveCfg = Release Personal|Any CPU
		{E66B6C80-38B7-4929-B6B9-B9FC8F62C356}.Release Peronal|x86.ActiveCfg = Release Personal|Any CPU
		{E66B6C80-38B7-4929-B6B9-B9FC8F62C356}.Release Personal|Any CPU.ActiveCfg = Release Personal|Any CPU
		{E66B6C80-38B7-4929-B6B9-B9FC8F62C356}.Release Personal|Any CPU.Build.0 = Release Personal|Any CPU
		{E66B6C80-38B7-4929-B6B9-B9FC8F62C356}.Release Personal|ARM.ActiveCfg = Release Personal|Any CPU
		{E66B6C80-38B7-4929-B6B9-B9FC8F62C356}.Release Personal|x64.ActiveCfg = Release Personal|Any CPU
		{E66B6C80-38B7-4929-B6B9-B9FC8F62C356}.Release Personal|x86.ActiveCfg = Release Personal|Any CPU
		{E66B6C80-38B7-4929-B6B9-B9FC8F62C356}.Release|Any CPU.ActiveCfg = Release|Any CPU
		{E66B6C80-38B7-4929-B6B9-B9FC8F62C356}.Release|Any CPU.Build.0 = Release|Any CPU
		{E66B6C80-38B7-4929-B6B9-B9FC8F62C356}.Release|ARM.ActiveCfg = Release|Any CPU
		{E66B6C80-38B7-4929-B6B9-B9FC8F62C356}.Release|x64.ActiveCfg = Release|Any CPU
		{E66B6C80-38B7-4929-B6B9-B9FC8F62C356}.Release|x86.ActiveCfg = Release|Any CPU
		{7EDFE360-EEFA-42DC-A5DA-DCEFFA32DEFE}.Debug Agent|Any CPU.ActiveCfg = Debug Agent|Any CPU
		{7EDFE360-EEFA-42DC-A5DA-DCEFFA32DEFE}.Debug Agent|Any CPU.Build.0 = Debug Agent|Any CPU
		{7EDFE360-EEFA-42DC-A5DA-DCEFFA32DEFE}.Debug Agent|ARM.ActiveCfg = Debug Agent|Any CPU
		{7EDFE360-EEFA-42DC-A5DA-DCEFFA32DEFE}.Debug Agent|x64.ActiveCfg = Debug Agent|Any CPU
		{7EDFE360-EEFA-42DC-A5DA-DCEFFA32DEFE}.Debug Agent|x86.ActiveCfg = Debug Agent|Any CPU
		{7EDFE360-EEFA-42DC-A5DA-DCEFFA32DEFE}.Debug Personal|Any CPU.ActiveCfg = Debug Personal|Any CPU
		{7EDFE360-EEFA-42DC-A5DA-DCEFFA32DEFE}.Debug Personal|Any CPU.Build.0 = Debug Personal|Any CPU
		{7EDFE360-EEFA-42DC-A5DA-DCEFFA32DEFE}.Debug Personal|ARM.ActiveCfg = Debug Personal|Any CPU
		{7EDFE360-EEFA-42DC-A5DA-DCEFFA32DEFE}.Debug Personal|x64.ActiveCfg = Debug Personal|Any CPU
		{7EDFE360-EEFA-42DC-A5DA-DCEFFA32DEFE}.Debug Personal|x86.ActiveCfg = Debug Personal|Any CPU
		{7EDFE360-EEFA-42DC-A5DA-DCEFFA32DEFE}.Debug Trial|Any CPU.ActiveCfg = Debug Trial|Any CPU
		{7EDFE360-EEFA-42DC-A5DA-DCEFFA32DEFE}.Debug Trial|Any CPU.Build.0 = Debug Trial|Any CPU
		{7EDFE360-EEFA-42DC-A5DA-DCEFFA32DEFE}.Debug Trial|ARM.ActiveCfg = Debug Trial|Any CPU
		{7EDFE360-EEFA-42DC-A5DA-DCEFFA32DEFE}.Debug Trial|x64.ActiveCfg = Debug Trial|Any CPU
		{7EDFE360-EEFA-42DC-A5DA-DCEFFA32DEFE}.Debug Trial|x86.ActiveCfg = Debug Trial|Any CPU
		{7EDFE360-EEFA-42DC-A5DA-DCEFFA32DEFE}.Debug|Any CPU.ActiveCfg = Debug|Any CPU
		{7EDFE360-EEFA-42DC-A5DA-DCEFFA32DEFE}.Debug|Any CPU.Build.0 = Debug|Any CPU
		{7EDFE360-EEFA-42DC-A5DA-DCEFFA32DEFE}.Debug|ARM.ActiveCfg = Debug|Any CPU
		{7EDFE360-EEFA-42DC-A5DA-DCEFFA32DEFE}.Debug|x64.ActiveCfg = Debug|Any CPU
		{7EDFE360-EEFA-42DC-A5DA-DCEFFA32DEFE}.Debug|x86.ActiveCfg = Debug|Any CPU
		{7EDFE360-EEFA-42DC-A5DA-DCEFFA32DEFE}.DebugPersonal|Any CPU.ActiveCfg = Debug|Any CPU
		{7EDFE360-EEFA-42DC-A5DA-DCEFFA32DEFE}.DebugPersonal|Any CPU.Build.0 = Debug|Any CPU
		{7EDFE360-EEFA-42DC-A5DA-DCEFFA32DEFE}.DebugPersonal|ARM.ActiveCfg = Debug|Any CPU
		{7EDFE360-EEFA-42DC-A5DA-DCEFFA32DEFE}.DebugPersonal|x64.ActiveCfg = Debug|Any CPU
		{7EDFE360-EEFA-42DC-A5DA-DCEFFA32DEFE}.DebugPersonal|x86.ActiveCfg = Debug|Any CPU
		{7EDFE360-EEFA-42DC-A5DA-DCEFFA32DEFE}.Release Peronal|Any CPU.ActiveCfg = Release Personal|Any CPU
		{7EDFE360-EEFA-42DC-A5DA-DCEFFA32DEFE}.Release Peronal|Any CPU.Build.0 = Release Personal|Any CPU
		{7EDFE360-EEFA-42DC-A5DA-DCEFFA32DEFE}.Release Peronal|ARM.ActiveCfg = Release Personal|Any CPU
		{7EDFE360-EEFA-42DC-A5DA-DCEFFA32DEFE}.Release Peronal|x64.ActiveCfg = Release Personal|Any CPU
		{7EDFE360-EEFA-42DC-A5DA-DCEFFA32DEFE}.Release Peronal|x86.ActiveCfg = Release Personal|Any CPU
		{7EDFE360-EEFA-42DC-A5DA-DCEFFA32DEFE}.Release Personal|Any CPU.ActiveCfg = Release Personal|Any CPU
		{7EDFE360-EEFA-42DC-A5DA-DCEFFA32DEFE}.Release Personal|Any CPU.Build.0 = Release Personal|Any CPU
		{7EDFE360-EEFA-42DC-A5DA-DCEFFA32DEFE}.Release Personal|ARM.ActiveCfg = Release Personal|Any CPU
		{7EDFE360-EEFA-42DC-A5DA-DCEFFA32DEFE}.Release Personal|x64.ActiveCfg = Release Personal|Any CPU
		{7EDFE360-EEFA-42DC-A5DA-DCEFFA32DEFE}.Release Personal|x86.ActiveCfg = Release Personal|Any CPU
		{7EDFE360-EEFA-42DC-A5DA-DCEFFA32DEFE}.Release|Any CPU.ActiveCfg = Release|Any CPU
		{7EDFE360-EEFA-42DC-A5DA-DCEFFA32DEFE}.Release|Any CPU.Build.0 = Release|Any CPU
		{7EDFE360-EEFA-42DC-A5DA-DCEFFA32DEFE}.Release|ARM.ActiveCfg = Release|Any CPU
		{7EDFE360-EEFA-42DC-A5DA-DCEFFA32DEFE}.Release|x64.ActiveCfg = Release|Any CPU
		{7EDFE360-EEFA-42DC-A5DA-DCEFFA32DEFE}.Release|x86.ActiveCfg = Release|Any CPU
		{71B78345-8B19-4FCD-881A-D6A2D137E522}.Debug Agent|Any CPU.ActiveCfg = Debug Agent|Any CPU
		{71B78345-8B19-4FCD-881A-D6A2D137E522}.Debug Agent|Any CPU.Build.0 = Debug Agent|Any CPU
		{71B78345-8B19-4FCD-881A-D6A2D137E522}.Debug Agent|Any CPU.Deploy.0 = Debug Agent|Any CPU
		{71B78345-8B19-4FCD-881A-D6A2D137E522}.Debug Agent|ARM.ActiveCfg = Debug|ARM
		{71B78345-8B19-4FCD-881A-D6A2D137E522}.Debug Agent|ARM.Build.0 = Debug|ARM
		{71B78345-8B19-4FCD-881A-D6A2D137E522}.Debug Agent|ARM.Deploy.0 = Debug|ARM
		{71B78345-8B19-4FCD-881A-D6A2D137E522}.Debug Agent|x64.ActiveCfg = Debug Agent|Any CPU
		{71B78345-8B19-4FCD-881A-D6A2D137E522}.Debug Agent|x86.ActiveCfg = Debug|x86
		{71B78345-8B19-4FCD-881A-D6A2D137E522}.Debug Agent|x86.Build.0 = Debug|x86
		{71B78345-8B19-4FCD-881A-D6A2D137E522}.Debug Agent|x86.Deploy.0 = Debug|x86
		{71B78345-8B19-4FCD-881A-D6A2D137E522}.Debug Personal|Any CPU.ActiveCfg = DebugPersonal|Any CPU
		{71B78345-8B19-4FCD-881A-D6A2D137E522}.Debug Personal|Any CPU.Build.0 = DebugPersonal|Any CPU
		{71B78345-8B19-4FCD-881A-D6A2D137E522}.Debug Personal|Any CPU.Deploy.0 = DebugPersonal|Any CPU
		{71B78345-8B19-4FCD-881A-D6A2D137E522}.Debug Personal|ARM.ActiveCfg = Debug|ARM
		{71B78345-8B19-4FCD-881A-D6A2D137E522}.Debug Personal|ARM.Build.0 = Debug|ARM
		{71B78345-8B19-4FCD-881A-D6A2D137E522}.Debug Personal|ARM.Deploy.0 = Debug|ARM
		{71B78345-8B19-4FCD-881A-D6A2D137E522}.Debug Personal|x64.ActiveCfg = Debug Trial|Any CPU
		{71B78345-8B19-4FCD-881A-D6A2D137E522}.Debug Personal|x86.ActiveCfg = Debug|x86
		{71B78345-8B19-4FCD-881A-D6A2D137E522}.Debug Personal|x86.Build.0 = Debug|x86
		{71B78345-8B19-4FCD-881A-D6A2D137E522}.Debug Personal|x86.Deploy.0 = Debug|x86
		{71B78345-8B19-4FCD-881A-D6A2D137E522}.Debug Trial|Any CPU.ActiveCfg = Debug Trial|Any CPU
		{71B78345-8B19-4FCD-881A-D6A2D137E522}.Debug Trial|Any CPU.Build.0 = Debug Trial|Any CPU
		{71B78345-8B19-4FCD-881A-D6A2D137E522}.Debug Trial|Any CPU.Deploy.0 = Debug Trial|Any CPU
		{71B78345-8B19-4FCD-881A-D6A2D137E522}.Debug Trial|ARM.ActiveCfg = Debug|ARM
		{71B78345-8B19-4FCD-881A-D6A2D137E522}.Debug Trial|ARM.Build.0 = Debug|ARM
		{71B78345-8B19-4FCD-881A-D6A2D137E522}.Debug Trial|ARM.Deploy.0 = Debug|ARM
		{71B78345-8B19-4FCD-881A-D6A2D137E522}.Debug Trial|x64.ActiveCfg = Debug Trial|Any CPU
		{71B78345-8B19-4FCD-881A-D6A2D137E522}.Debug Trial|x86.ActiveCfg = Debug|x86
		{71B78345-8B19-4FCD-881A-D6A2D137E522}.Debug Trial|x86.Build.0 = Debug|x86
		{71B78345-8B19-4FCD-881A-D6A2D137E522}.Debug Trial|x86.Deploy.0 = Debug|x86
		{71B78345-8B19-4FCD-881A-D6A2D137E522}.Debug|Any CPU.ActiveCfg = Debug|Any CPU
		{71B78345-8B19-4FCD-881A-D6A2D137E522}.Debug|Any CPU.Build.0 = Debug|Any CPU
		{71B78345-8B19-4FCD-881A-D6A2D137E522}.Debug|Any CPU.Deploy.0 = Debug|Any CPU
		{71B78345-8B19-4FCD-881A-D6A2D137E522}.Debug|ARM.ActiveCfg = Debug|ARM
		{71B78345-8B19-4FCD-881A-D6A2D137E522}.Debug|ARM.Build.0 = Debug|ARM
		{71B78345-8B19-4FCD-881A-D6A2D137E522}.Debug|ARM.Deploy.0 = Debug|ARM
		{71B78345-8B19-4FCD-881A-D6A2D137E522}.Debug|x64.ActiveCfg = Debug|Any CPU
		{71B78345-8B19-4FCD-881A-D6A2D137E522}.Debug|x86.ActiveCfg = Debug|x86
		{71B78345-8B19-4FCD-881A-D6A2D137E522}.Debug|x86.Build.0 = Debug|x86
		{71B78345-8B19-4FCD-881A-D6A2D137E522}.Debug|x86.Deploy.0 = Debug|x86
		{71B78345-8B19-4FCD-881A-D6A2D137E522}.DebugPersonal|Any CPU.ActiveCfg = DebugPersonal|Any CPU
		{71B78345-8B19-4FCD-881A-D6A2D137E522}.DebugPersonal|Any CPU.Build.0 = DebugPersonal|Any CPU
		{71B78345-8B19-4FCD-881A-D6A2D137E522}.DebugPersonal|Any CPU.Deploy.0 = DebugPersonal|Any CPU
		{71B78345-8B19-4FCD-881A-D6A2D137E522}.DebugPersonal|ARM.ActiveCfg = DebugPersonal|ARM
		{71B78345-8B19-4FCD-881A-D6A2D137E522}.DebugPersonal|ARM.Build.0 = DebugPersonal|ARM
		{71B78345-8B19-4FCD-881A-D6A2D137E522}.DebugPersonal|ARM.Deploy.0 = DebugPersonal|ARM
		{71B78345-8B19-4FCD-881A-D6A2D137E522}.DebugPersonal|x64.ActiveCfg = DebugPersonal|Any CPU
		{71B78345-8B19-4FCD-881A-D6A2D137E522}.DebugPersonal|x86.ActiveCfg = DebugPersonal|x86
		{71B78345-8B19-4FCD-881A-D6A2D137E522}.DebugPersonal|x86.Build.0 = DebugPersonal|x86
		{71B78345-8B19-4FCD-881A-D6A2D137E522}.DebugPersonal|x86.Deploy.0 = DebugPersonal|x86
		{71B78345-8B19-4FCD-881A-D6A2D137E522}.Release Peronal|Any CPU.ActiveCfg = Release Peronal|Any CPU
		{71B78345-8B19-4FCD-881A-D6A2D137E522}.Release Peronal|Any CPU.Build.0 = Release Peronal|Any CPU
		{71B78345-8B19-4FCD-881A-D6A2D137E522}.Release Peronal|Any CPU.Deploy.0 = Release Peronal|Any CPU
		{71B78345-8B19-4FCD-881A-D6A2D137E522}.Release Peronal|ARM.ActiveCfg = Release Peronal|ARM
		{71B78345-8B19-4FCD-881A-D6A2D137E522}.Release Peronal|ARM.Build.0 = Release Peronal|ARM
		{71B78345-8B19-4FCD-881A-D6A2D137E522}.Release Peronal|ARM.Deploy.0 = Release Peronal|ARM
		{71B78345-8B19-4FCD-881A-D6A2D137E522}.Release Peronal|x64.ActiveCfg = Release Peronal|Any CPU
		{71B78345-8B19-4FCD-881A-D6A2D137E522}.Release Peronal|x86.ActiveCfg = Release Peronal|x86
		{71B78345-8B19-4FCD-881A-D6A2D137E522}.Release Peronal|x86.Build.0 = Release Peronal|x86
		{71B78345-8B19-4FCD-881A-D6A2D137E522}.Release Peronal|x86.Deploy.0 = Release Peronal|x86
		{71B78345-8B19-4FCD-881A-D6A2D137E522}.Release Personal|Any CPU.ActiveCfg = Release Peronal|Any CPU
		{71B78345-8B19-4FCD-881A-D6A2D137E522}.Release Personal|Any CPU.Build.0 = Release Peronal|Any CPU
		{71B78345-8B19-4FCD-881A-D6A2D137E522}.Release Personal|Any CPU.Deploy.0 = Release Peronal|Any CPU
		{71B78345-8B19-4FCD-881A-D6A2D137E522}.Release Personal|ARM.ActiveCfg = Release|ARM
		{71B78345-8B19-4FCD-881A-D6A2D137E522}.Release Personal|ARM.Build.0 = Release|ARM
		{71B78345-8B19-4FCD-881A-D6A2D137E522}.Release Personal|ARM.Deploy.0 = Release|ARM
		{71B78345-8B19-4FCD-881A-D6A2D137E522}.Release Personal|x64.ActiveCfg = Release Peronal|Any CPU
		{71B78345-8B19-4FCD-881A-D6A2D137E522}.Release Personal|x86.ActiveCfg = Release|x86
		{71B78345-8B19-4FCD-881A-D6A2D137E522}.Release Personal|x86.Build.0 = Release|x86
		{71B78345-8B19-4FCD-881A-D6A2D137E522}.Release Personal|x86.Deploy.0 = Release|x86
		{71B78345-8B19-4FCD-881A-D6A2D137E522}.Release|Any CPU.ActiveCfg = Release|Any CPU
		{71B78345-8B19-4FCD-881A-D6A2D137E522}.Release|Any CPU.Build.0 = Release|Any CPU
		{71B78345-8B19-4FCD-881A-D6A2D137E522}.Release|Any CPU.Deploy.0 = Release|Any CPU
		{71B78345-8B19-4FCD-881A-D6A2D137E522}.Release|ARM.ActiveCfg = Release|ARM
		{71B78345-8B19-4FCD-881A-D6A2D137E522}.Release|ARM.Build.0 = Release|ARM
		{71B78345-8B19-4FCD-881A-D6A2D137E522}.Release|ARM.Deploy.0 = Release|ARM
		{71B78345-8B19-4FCD-881A-D6A2D137E522}.Release|x64.ActiveCfg = Release|Any CPU
		{71B78345-8B19-4FCD-881A-D6A2D137E522}.Release|x86.ActiveCfg = Release|x86
		{71B78345-8B19-4FCD-881A-D6A2D137E522}.Release|x86.Build.0 = Release|x86
		{71B78345-8B19-4FCD-881A-D6A2D137E522}.Release|x86.Deploy.0 = Release|x86
		{5A682B87-3AF5-41F7-96B8-BAF0D9E2FD67}.Debug Agent|Any CPU.ActiveCfg = Debug|Any CPU
		{5A682B87-3AF5-41F7-96B8-BAF0D9E2FD67}.Debug Agent|Any CPU.Build.0 = Debug|Any CPU
		{5A682B87-3AF5-41F7-96B8-BAF0D9E2FD67}.Debug Agent|ARM.ActiveCfg = Debug|ARM
		{5A682B87-3AF5-41F7-96B8-BAF0D9E2FD67}.Debug Agent|ARM.Build.0 = Debug|ARM
		{5A682B87-3AF5-41F7-96B8-BAF0D9E2FD67}.Debug Agent|x64.ActiveCfg = Debug|x64
		{5A682B87-3AF5-41F7-96B8-BAF0D9E2FD67}.Debug Agent|x64.Build.0 = Debug|x64
		{5A682B87-3AF5-41F7-96B8-BAF0D9E2FD67}.Debug Agent|x86.ActiveCfg = Debug|x86
		{5A682B87-3AF5-41F7-96B8-BAF0D9E2FD67}.Debug Agent|x86.Build.0 = Debug|x86
		{5A682B87-3AF5-41F7-96B8-BAF0D9E2FD67}.Debug Personal|Any CPU.ActiveCfg = Debug|Any CPU
		{5A682B87-3AF5-41F7-96B8-BAF0D9E2FD67}.Debug Personal|Any CPU.Build.0 = Debug|Any CPU
		{5A682B87-3AF5-41F7-96B8-BAF0D9E2FD67}.Debug Personal|ARM.ActiveCfg = Debug|ARM
		{5A682B87-3AF5-41F7-96B8-BAF0D9E2FD67}.Debug Personal|ARM.Build.0 = Debug|ARM
		{5A682B87-3AF5-41F7-96B8-BAF0D9E2FD67}.Debug Personal|x64.ActiveCfg = Debug|x64
		{5A682B87-3AF5-41F7-96B8-BAF0D9E2FD67}.Debug Personal|x64.Build.0 = Debug|x64
		{5A682B87-3AF5-41F7-96B8-BAF0D9E2FD67}.Debug Personal|x86.ActiveCfg = Debug|x86
		{5A682B87-3AF5-41F7-96B8-BAF0D9E2FD67}.Debug Personal|x86.Build.0 = Debug|x86
		{5A682B87-3AF5-41F7-96B8-BAF0D9E2FD67}.Debug Trial|Any CPU.ActiveCfg = Debug|Any CPU
		{5A682B87-3AF5-41F7-96B8-BAF0D9E2FD67}.Debug Trial|Any CPU.Build.0 = Debug|Any CPU
		{5A682B87-3AF5-41F7-96B8-BAF0D9E2FD67}.Debug Trial|ARM.ActiveCfg = Debug|ARM
		{5A682B87-3AF5-41F7-96B8-BAF0D9E2FD67}.Debug Trial|ARM.Build.0 = Debug|ARM
		{5A682B87-3AF5-41F7-96B8-BAF0D9E2FD67}.Debug Trial|x64.ActiveCfg = Debug|x64
		{5A682B87-3AF5-41F7-96B8-BAF0D9E2FD67}.Debug Trial|x64.Build.0 = Debug|x64
		{5A682B87-3AF5-41F7-96B8-BAF0D9E2FD67}.Debug Trial|x86.ActiveCfg = Debug|x86
		{5A682B87-3AF5-41F7-96B8-BAF0D9E2FD67}.Debug Trial|x86.Build.0 = Debug|x86
		{5A682B87-3AF5-41F7-96B8-BAF0D9E2FD67}.Debug|Any CPU.ActiveCfg = Debug|Any CPU
		{5A682B87-3AF5-41F7-96B8-BAF0D9E2FD67}.Debug|Any CPU.Build.0 = Debug|Any CPU
		{5A682B87-3AF5-41F7-96B8-BAF0D9E2FD67}.Debug|ARM.ActiveCfg = Debug|ARM
		{5A682B87-3AF5-41F7-96B8-BAF0D9E2FD67}.Debug|ARM.Build.0 = Debug|ARM
		{5A682B87-3AF5-41F7-96B8-BAF0D9E2FD67}.Debug|x64.ActiveCfg = Debug|x64
		{5A682B87-3AF5-41F7-96B8-BAF0D9E2FD67}.Debug|x64.Build.0 = Debug|x64
		{5A682B87-3AF5-41F7-96B8-BAF0D9E2FD67}.Debug|x86.ActiveCfg = Debug|x86
		{5A682B87-3AF5-41F7-96B8-BAF0D9E2FD67}.Debug|x86.Build.0 = Debug|x86
		{5A682B87-3AF5-41F7-96B8-BAF0D9E2FD67}.DebugPersonal|Any CPU.ActiveCfg = Debug|Any CPU
		{5A682B87-3AF5-41F7-96B8-BAF0D9E2FD67}.DebugPersonal|Any CPU.Build.0 = Debug|Any CPU
		{5A682B87-3AF5-41F7-96B8-BAF0D9E2FD67}.DebugPersonal|ARM.ActiveCfg = Debug|ARM
		{5A682B87-3AF5-41F7-96B8-BAF0D9E2FD67}.DebugPersonal|ARM.Build.0 = Debug|ARM
		{5A682B87-3AF5-41F7-96B8-BAF0D9E2FD67}.DebugPersonal|x64.ActiveCfg = Debug|x64
		{5A682B87-3AF5-41F7-96B8-BAF0D9E2FD67}.DebugPersonal|x64.Build.0 = Debug|x64
		{5A682B87-3AF5-41F7-96B8-BAF0D9E2FD67}.DebugPersonal|x86.ActiveCfg = Debug|x86
		{5A682B87-3AF5-41F7-96B8-BAF0D9E2FD67}.DebugPersonal|x86.Build.0 = Debug|x86
		{5A682B87-3AF5-41F7-96B8-BAF0D9E2FD67}.Release Peronal|Any CPU.ActiveCfg = Release|Any CPU
		{5A682B87-3AF5-41F7-96B8-BAF0D9E2FD67}.Release Peronal|Any CPU.Build.0 = Release|Any CPU
		{5A682B87-3AF5-41F7-96B8-BAF0D9E2FD67}.Release Peronal|ARM.ActiveCfg = Release|ARM
		{5A682B87-3AF5-41F7-96B8-BAF0D9E2FD67}.Release Peronal|ARM.Build.0 = Release|ARM
		{5A682B87-3AF5-41F7-96B8-BAF0D9E2FD67}.Release Peronal|x64.ActiveCfg = Release|x64
		{5A682B87-3AF5-41F7-96B8-BAF0D9E2FD67}.Release Peronal|x64.Build.0 = Release|x64
		{5A682B87-3AF5-41F7-96B8-BAF0D9E2FD67}.Release Peronal|x86.ActiveCfg = Release|x86
		{5A682B87-3AF5-41F7-96B8-BAF0D9E2FD67}.Release Peronal|x86.Build.0 = Release|x86
		{5A682B87-3AF5-41F7-96B8-BAF0D9E2FD67}.Release Personal|Any CPU.ActiveCfg = Release|Any CPU
		{5A682B87-3AF5-41F7-96B8-BAF0D9E2FD67}.Release Personal|Any CPU.Build.0 = Release|Any CPU
		{5A682B87-3AF5-41F7-96B8-BAF0D9E2FD67}.Release Personal|ARM.ActiveCfg = Release|ARM
		{5A682B87-3AF5-41F7-96B8-BAF0D9E2FD67}.Release Personal|ARM.Build.0 = Release|ARM
		{5A682B87-3AF5-41F7-96B8-BAF0D9E2FD67}.Release Personal|x64.ActiveCfg = Release|x64
		{5A682B87-3AF5-41F7-96B8-BAF0D9E2FD67}.Release Personal|x64.Build.0 = Release|x64
		{5A682B87-3AF5-41F7-96B8-BAF0D9E2FD67}.Release Personal|x86.ActiveCfg = Release|x86
		{5A682B87-3AF5-41F7-96B8-BAF0D9E2FD67}.Release Personal|x86.Build.0 = Release|x86
		{5A682B87-3AF5-41F7-96B8-BAF0D9E2FD67}.Release|Any CPU.ActiveCfg = Release|Any CPU
		{5A682B87-3AF5-41F7-96B8-BAF0D9E2FD67}.Release|Any CPU.Build.0 = Release|Any CPU
		{5A682B87-3AF5-41F7-96B8-BAF0D9E2FD67}.Release|ARM.ActiveCfg = Release|ARM
		{5A682B87-3AF5-41F7-96B8-BAF0D9E2FD67}.Release|ARM.Build.0 = Release|ARM
		{5A682B87-3AF5-41F7-96B8-BAF0D9E2FD67}.Release|x64.ActiveCfg = Release|x64
		{5A682B87-3AF5-41F7-96B8-BAF0D9E2FD67}.Release|x64.Build.0 = Release|x64
		{5A682B87-3AF5-41F7-96B8-BAF0D9E2FD67}.Release|x86.ActiveCfg = Release|x86
		{5A682B87-3AF5-41F7-96B8-BAF0D9E2FD67}.Release|x86.Build.0 = Release|x86
		{FE0D900E-D3AB-44E6-AF92-F0B4768AB512}.Debug Agent|Any CPU.ActiveCfg = Debug|Any CPU
		{FE0D900E-D3AB-44E6-AF92-F0B4768AB512}.Debug Agent|Any CPU.Build.0 = Debug|Any CPU
		{FE0D900E-D3AB-44E6-AF92-F0B4768AB512}.Debug Agent|Any CPU.Deploy.0 = Debug|Any CPU
		{FE0D900E-D3AB-44E6-AF92-F0B4768AB512}.Debug Agent|ARM.ActiveCfg = Debug|ARM
		{FE0D900E-D3AB-44E6-AF92-F0B4768AB512}.Debug Agent|ARM.Build.0 = Debug|ARM
		{FE0D900E-D3AB-44E6-AF92-F0B4768AB512}.Debug Agent|ARM.Deploy.0 = Debug|ARM
		{FE0D900E-D3AB-44E6-AF92-F0B4768AB512}.Debug Agent|x64.ActiveCfg = Debug|x64
		{FE0D900E-D3AB-44E6-AF92-F0B4768AB512}.Debug Agent|x64.Build.0 = Debug|x64
		{FE0D900E-D3AB-44E6-AF92-F0B4768AB512}.Debug Agent|x64.Deploy.0 = Debug|x64
		{FE0D900E-D3AB-44E6-AF92-F0B4768AB512}.Debug Agent|x86.ActiveCfg = Debug|x86
		{FE0D900E-D3AB-44E6-AF92-F0B4768AB512}.Debug Agent|x86.Build.0 = Debug|x86
		{FE0D900E-D3AB-44E6-AF92-F0B4768AB512}.Debug Agent|x86.Deploy.0 = Debug|x86
		{FE0D900E-D3AB-44E6-AF92-F0B4768AB512}.Debug Personal|Any CPU.ActiveCfg = Debug|Any CPU
		{FE0D900E-D3AB-44E6-AF92-F0B4768AB512}.Debug Personal|Any CPU.Build.0 = Debug|Any CPU
		{FE0D900E-D3AB-44E6-AF92-F0B4768AB512}.Debug Personal|Any CPU.Deploy.0 = Debug|Any CPU
		{FE0D900E-D3AB-44E6-AF92-F0B4768AB512}.Debug Personal|ARM.ActiveCfg = Debug|ARM
		{FE0D900E-D3AB-44E6-AF92-F0B4768AB512}.Debug Personal|ARM.Build.0 = Debug|ARM
		{FE0D900E-D3AB-44E6-AF92-F0B4768AB512}.Debug Personal|ARM.Deploy.0 = Debug|ARM
		{FE0D900E-D3AB-44E6-AF92-F0B4768AB512}.Debug Personal|x64.ActiveCfg = Debug|x64
		{FE0D900E-D3AB-44E6-AF92-F0B4768AB512}.Debug Personal|x64.Build.0 = Debug|x64
		{FE0D900E-D3AB-44E6-AF92-F0B4768AB512}.Debug Personal|x64.Deploy.0 = Debug|x64
		{FE0D900E-D3AB-44E6-AF92-F0B4768AB512}.Debug Personal|x86.ActiveCfg = Debug|x86
		{FE0D900E-D3AB-44E6-AF92-F0B4768AB512}.Debug Personal|x86.Build.0 = Debug|x86
		{FE0D900E-D3AB-44E6-AF92-F0B4768AB512}.Debug Personal|x86.Deploy.0 = Debug|x86
		{FE0D900E-D3AB-44E6-AF92-F0B4768AB512}.Debug Trial|Any CPU.ActiveCfg = Debug|Any CPU
		{FE0D900E-D3AB-44E6-AF92-F0B4768AB512}.Debug Trial|Any CPU.Build.0 = Debug|Any CPU
		{FE0D900E-D3AB-44E6-AF92-F0B4768AB512}.Debug Trial|Any CPU.Deploy.0 = Debug|Any CPU
		{FE0D900E-D3AB-44E6-AF92-F0B4768AB512}.Debug Trial|ARM.ActiveCfg = Debug|ARM
		{FE0D900E-D3AB-44E6-AF92-F0B4768AB512}.Debug Trial|ARM.Build.0 = Debug|ARM
		{FE0D900E-D3AB-44E6-AF92-F0B4768AB512}.Debug Trial|ARM.Deploy.0 = Debug|ARM
		{FE0D900E-D3AB-44E6-AF92-F0B4768AB512}.Debug Trial|x64.ActiveCfg = Debug|x64
		{FE0D900E-D3AB-44E6-AF92-F0B4768AB512}.Debug Trial|x64.Build.0 = Debug|x64
		{FE0D900E-D3AB-44E6-AF92-F0B4768AB512}.Debug Trial|x64.Deploy.0 = Debug|x64
		{FE0D900E-D3AB-44E6-AF92-F0B4768AB512}.Debug Trial|x86.ActiveCfg = Debug|x86
		{FE0D900E-D3AB-44E6-AF92-F0B4768AB512}.Debug Trial|x86.Build.0 = Debug|x86
		{FE0D900E-D3AB-44E6-AF92-F0B4768AB512}.Debug Trial|x86.Deploy.0 = Debug|x86
		{FE0D900E-D3AB-44E6-AF92-F0B4768AB512}.Debug|Any CPU.ActiveCfg = Debug|Any CPU
		{FE0D900E-D3AB-44E6-AF92-F0B4768AB512}.Debug|Any CPU.Build.0 = Debug|Any CPU
		{FE0D900E-D3AB-44E6-AF92-F0B4768AB512}.Debug|ARM.ActiveCfg = Debug|ARM
		{FE0D900E-D3AB-44E6-AF92-F0B4768AB512}.Debug|ARM.Build.0 = Debug|ARM
		{FE0D900E-D3AB-44E6-AF92-F0B4768AB512}.Debug|ARM.Deploy.0 = Debug|ARM
		{FE0D900E-D3AB-44E6-AF92-F0B4768AB512}.Debug|x64.ActiveCfg = Debug|x64
		{FE0D900E-D3AB-44E6-AF92-F0B4768AB512}.Debug|x64.Build.0 = Debug|x64
		{FE0D900E-D3AB-44E6-AF92-F0B4768AB512}.Debug|x64.Deploy.0 = Debug|x64
		{FE0D900E-D3AB-44E6-AF92-F0B4768AB512}.Debug|x86.ActiveCfg = Debug|x86
		{FE0D900E-D3AB-44E6-AF92-F0B4768AB512}.Debug|x86.Build.0 = Debug|x86
		{FE0D900E-D3AB-44E6-AF92-F0B4768AB512}.Debug|x86.Deploy.0 = Debug|x86
		{FE0D900E-D3AB-44E6-AF92-F0B4768AB512}.DebugPersonal|Any CPU.ActiveCfg = Debug|Any CPU
		{FE0D900E-D3AB-44E6-AF92-F0B4768AB512}.DebugPersonal|Any CPU.Build.0 = Debug|Any CPU
		{FE0D900E-D3AB-44E6-AF92-F0B4768AB512}.DebugPersonal|Any CPU.Deploy.0 = Debug|Any CPU
		{FE0D900E-D3AB-44E6-AF92-F0B4768AB512}.DebugPersonal|ARM.ActiveCfg = Debug|ARM
		{FE0D900E-D3AB-44E6-AF92-F0B4768AB512}.DebugPersonal|ARM.Build.0 = Debug|ARM
		{FE0D900E-D3AB-44E6-AF92-F0B4768AB512}.DebugPersonal|ARM.Deploy.0 = Debug|ARM
		{FE0D900E-D3AB-44E6-AF92-F0B4768AB512}.DebugPersonal|x64.ActiveCfg = Debug|x64
		{FE0D900E-D3AB-44E6-AF92-F0B4768AB512}.DebugPersonal|x64.Build.0 = Debug|x64
		{FE0D900E-D3AB-44E6-AF92-F0B4768AB512}.DebugPersonal|x64.Deploy.0 = Debug|x64
		{FE0D900E-D3AB-44E6-AF92-F0B4768AB512}.DebugPersonal|x86.ActiveCfg = Debug|x86
		{FE0D900E-D3AB-44E6-AF92-F0B4768AB512}.DebugPersonal|x86.Build.0 = Debug|x86
		{FE0D900E-D3AB-44E6-AF92-F0B4768AB512}.DebugPersonal|x86.Deploy.0 = Debug|x86
		{FE0D900E-D3AB-44E6-AF92-F0B4768AB512}.Release Peronal|Any CPU.ActiveCfg = Release|Any CPU
		{FE0D900E-D3AB-44E6-AF92-F0B4768AB512}.Release Peronal|Any CPU.Build.0 = Release|Any CPU
		{FE0D900E-D3AB-44E6-AF92-F0B4768AB512}.Release Peronal|Any CPU.Deploy.0 = Release|Any CPU
		{FE0D900E-D3AB-44E6-AF92-F0B4768AB512}.Release Peronal|ARM.ActiveCfg = Release|ARM
		{FE0D900E-D3AB-44E6-AF92-F0B4768AB512}.Release Peronal|ARM.Build.0 = Release|ARM
		{FE0D900E-D3AB-44E6-AF92-F0B4768AB512}.Release Peronal|ARM.Deploy.0 = Release|ARM
		{FE0D900E-D3AB-44E6-AF92-F0B4768AB512}.Release Peronal|x64.ActiveCfg = Release|x64
		{FE0D900E-D3AB-44E6-AF92-F0B4768AB512}.Release Peronal|x64.Build.0 = Release|x64
		{FE0D900E-D3AB-44E6-AF92-F0B4768AB512}.Release Peronal|x64.Deploy.0 = Release|x64
		{FE0D900E-D3AB-44E6-AF92-F0B4768AB512}.Release Peronal|x86.ActiveCfg = Release|x86
		{FE0D900E-D3AB-44E6-AF92-F0B4768AB512}.Release Peronal|x86.Build.0 = Release|x86
		{FE0D900E-D3AB-44E6-AF92-F0B4768AB512}.Release Peronal|x86.Deploy.0 = Release|x86
		{FE0D900E-D3AB-44E6-AF92-F0B4768AB512}.Release Personal|Any CPU.ActiveCfg = Release|Any CPU
		{FE0D900E-D3AB-44E6-AF92-F0B4768AB512}.Release Personal|Any CPU.Build.0 = Release|Any CPU
		{FE0D900E-D3AB-44E6-AF92-F0B4768AB512}.Release Personal|Any CPU.Deploy.0 = Release|Any CPU
		{FE0D900E-D3AB-44E6-AF92-F0B4768AB512}.Release Personal|ARM.ActiveCfg = Release|ARM
		{FE0D900E-D3AB-44E6-AF92-F0B4768AB512}.Release Personal|ARM.Build.0 = Release|ARM
		{FE0D900E-D3AB-44E6-AF92-F0B4768AB512}.Release Personal|ARM.Deploy.0 = Release|ARM
		{FE0D900E-D3AB-44E6-AF92-F0B4768AB512}.Release Personal|x64.ActiveCfg = Release|x64
		{FE0D900E-D3AB-44E6-AF92-F0B4768AB512}.Release Personal|x64.Build.0 = Release|x64
		{FE0D900E-D3AB-44E6-AF92-F0B4768AB512}.Release Personal|x64.Deploy.0 = Release|x64
		{FE0D900E-D3AB-44E6-AF92-F0B4768AB512}.Release Personal|x86.ActiveCfg = Release|x86
		{FE0D900E-D3AB-44E6-AF92-F0B4768AB512}.Release Personal|x86.Build.0 = Release|x86
		{FE0D900E-D3AB-44E6-AF92-F0B4768AB512}.Release Personal|x86.Deploy.0 = Release|x86
		{FE0D900E-D3AB-44E6-AF92-F0B4768AB512}.Release|Any CPU.ActiveCfg = Release|Any CPU
		{FE0D900E-D3AB-44E6-AF92-F0B4768AB512}.Release|Any CPU.Build.0 = Release|Any CPU
		{FE0D900E-D3AB-44E6-AF92-F0B4768AB512}.Release|Any CPU.Deploy.0 = Release|Any CPU
		{FE0D900E-D3AB-44E6-AF92-F0B4768AB512}.Release|ARM.ActiveCfg = Release|ARM
		{FE0D900E-D3AB-44E6-AF92-F0B4768AB512}.Release|ARM.Build.0 = Release|ARM
		{FE0D900E-D3AB-44E6-AF92-F0B4768AB512}.Release|ARM.Deploy.0 = Release|ARM
		{FE0D900E-D3AB-44E6-AF92-F0B4768AB512}.Release|x64.ActiveCfg = Release|x64
		{FE0D900E-D3AB-44E6-AF92-F0B4768AB512}.Release|x64.Build.0 = Release|x64
		{FE0D900E-D3AB-44E6-AF92-F0B4768AB512}.Release|x64.Deploy.0 = Release|x64
		{FE0D900E-D3AB-44E6-AF92-F0B4768AB512}.Release|x86.ActiveCfg = Release|x86
		{FE0D900E-D3AB-44E6-AF92-F0B4768AB512}.Release|x86.Build.0 = Release|x86
		{FE0D900E-D3AB-44E6-AF92-F0B4768AB512}.Release|x86.Deploy.0 = Release|x86
		{EA7A47C6-7AEB-4E82-8CA7-47C47A29AD86}.Debug Agent|Any CPU.ActiveCfg = Debug|Any CPU
		{EA7A47C6-7AEB-4E82-8CA7-47C47A29AD86}.Debug Agent|Any CPU.Build.0 = Debug|Any CPU
		{EA7A47C6-7AEB-4E82-8CA7-47C47A29AD86}.Debug Agent|ARM.ActiveCfg = Debug|ARM
		{EA7A47C6-7AEB-4E82-8CA7-47C47A29AD86}.Debug Agent|ARM.Build.0 = Debug|ARM
		{EA7A47C6-7AEB-4E82-8CA7-47C47A29AD86}.Debug Agent|x64.ActiveCfg = Debug|x64
		{EA7A47C6-7AEB-4E82-8CA7-47C47A29AD86}.Debug Agent|x64.Build.0 = Debug|x64
		{EA7A47C6-7AEB-4E82-8CA7-47C47A29AD86}.Debug Agent|x86.ActiveCfg = Debug|x86
		{EA7A47C6-7AEB-4E82-8CA7-47C47A29AD86}.Debug Agent|x86.Build.0 = Debug|x86
		{EA7A47C6-7AEB-4E82-8CA7-47C47A29AD86}.Debug Personal|Any CPU.ActiveCfg = Debug|Any CPU
		{EA7A47C6-7AEB-4E82-8CA7-47C47A29AD86}.Debug Personal|Any CPU.Build.0 = Debug|Any CPU
		{EA7A47C6-7AEB-4E82-8CA7-47C47A29AD86}.Debug Personal|ARM.ActiveCfg = Debug|ARM
		{EA7A47C6-7AEB-4E82-8CA7-47C47A29AD86}.Debug Personal|ARM.Build.0 = Debug|ARM
		{EA7A47C6-7AEB-4E82-8CA7-47C47A29AD86}.Debug Personal|x64.ActiveCfg = Debug|x64
		{EA7A47C6-7AEB-4E82-8CA7-47C47A29AD86}.Debug Personal|x64.Build.0 = Debug|x64
		{EA7A47C6-7AEB-4E82-8CA7-47C47A29AD86}.Debug Personal|x86.ActiveCfg = Debug|x86
		{EA7A47C6-7AEB-4E82-8CA7-47C47A29AD86}.Debug Personal|x86.Build.0 = Debug|x86
		{EA7A47C6-7AEB-4E82-8CA7-47C47A29AD86}.Debug Trial|Any CPU.ActiveCfg = Debug|Any CPU
		{EA7A47C6-7AEB-4E82-8CA7-47C47A29AD86}.Debug Trial|Any CPU.Build.0 = Debug|Any CPU
		{EA7A47C6-7AEB-4E82-8CA7-47C47A29AD86}.Debug Trial|ARM.ActiveCfg = Debug|ARM
		{EA7A47C6-7AEB-4E82-8CA7-47C47A29AD86}.Debug Trial|ARM.Build.0 = Debug|ARM
		{EA7A47C6-7AEB-4E82-8CA7-47C47A29AD86}.Debug Trial|x64.ActiveCfg = Debug|x64
		{EA7A47C6-7AEB-4E82-8CA7-47C47A29AD86}.Debug Trial|x64.Build.0 = Debug|x64
		{EA7A47C6-7AEB-4E82-8CA7-47C47A29AD86}.Debug Trial|x86.ActiveCfg = Debug|x86
		{EA7A47C6-7AEB-4E82-8CA7-47C47A29AD86}.Debug Trial|x86.Build.0 = Debug|x86
		{EA7A47C6-7AEB-4E82-8CA7-47C47A29AD86}.Debug|Any CPU.ActiveCfg = Debug|Any CPU
		{EA7A47C6-7AEB-4E82-8CA7-47C47A29AD86}.Debug|Any CPU.Build.0 = Debug|Any CPU
		{EA7A47C6-7AEB-4E82-8CA7-47C47A29AD86}.Debug|ARM.ActiveCfg = Debug|ARM
		{EA7A47C6-7AEB-4E82-8CA7-47C47A29AD86}.Debug|ARM.Build.0 = Debug|ARM
		{EA7A47C6-7AEB-4E82-8CA7-47C47A29AD86}.Debug|x64.ActiveCfg = Debug|x64
		{EA7A47C6-7AEB-4E82-8CA7-47C47A29AD86}.Debug|x64.Build.0 = Debug|x64
		{EA7A47C6-7AEB-4E82-8CA7-47C47A29AD86}.Debug|x86.ActiveCfg = Debug|x86
		{EA7A47C6-7AEB-4E82-8CA7-47C47A29AD86}.Debug|x86.Build.0 = Debug|x86
		{EA7A47C6-7AEB-4E82-8CA7-47C47A29AD86}.DebugPersonal|Any CPU.ActiveCfg = Debug|Any CPU
		{EA7A47C6-7AEB-4E82-8CA7-47C47A29AD86}.DebugPersonal|Any CPU.Build.0 = Debug|Any CPU
		{EA7A47C6-7AEB-4E82-8CA7-47C47A29AD86}.DebugPersonal|ARM.ActiveCfg = Debug|ARM
		{EA7A47C6-7AEB-4E82-8CA7-47C47A29AD86}.DebugPersonal|ARM.Build.0 = Debug|ARM
		{EA7A47C6-7AEB-4E82-8CA7-47C47A29AD86}.DebugPersonal|x64.ActiveCfg = Debug|x64
		{EA7A47C6-7AEB-4E82-8CA7-47C47A29AD86}.DebugPersonal|x64.Build.0 = Debug|x64
		{EA7A47C6-7AEB-4E82-8CA7-47C47A29AD86}.DebugPersonal|x86.ActiveCfg = Debug|x86
		{EA7A47C6-7AEB-4E82-8CA7-47C47A29AD86}.DebugPersonal|x86.Build.0 = Debug|x86
		{EA7A47C6-7AEB-4E82-8CA7-47C47A29AD86}.Release Peronal|Any CPU.ActiveCfg = Release|Any CPU
		{EA7A47C6-7AEB-4E82-8CA7-47C47A29AD86}.Release Peronal|Any CPU.Build.0 = Release|Any CPU
		{EA7A47C6-7AEB-4E82-8CA7-47C47A29AD86}.Release Peronal|ARM.ActiveCfg = Release|ARM
		{EA7A47C6-7AEB-4E82-8CA7-47C47A29AD86}.Release Peronal|ARM.Build.0 = Release|ARM
		{EA7A47C6-7AEB-4E82-8CA7-47C47A29AD86}.Release Peronal|x64.ActiveCfg = Release|x64
		{EA7A47C6-7AEB-4E82-8CA7-47C47A29AD86}.Release Peronal|x64.Build.0 = Release|x64
		{EA7A47C6-7AEB-4E82-8CA7-47C47A29AD86}.Release Peronal|x86.ActiveCfg = Release|x86
		{EA7A47C6-7AEB-4E82-8CA7-47C47A29AD86}.Release Peronal|x86.Build.0 = Release|x86
		{EA7A47C6-7AEB-4E82-8CA7-47C47A29AD86}.Release Personal|Any CPU.ActiveCfg = Release|Any CPU
		{EA7A47C6-7AEB-4E82-8CA7-47C47A29AD86}.Release Personal|Any CPU.Build.0 = Release|Any CPU
		{EA7A47C6-7AEB-4E82-8CA7-47C47A29AD86}.Release Personal|ARM.ActiveCfg = Release|ARM
		{EA7A47C6-7AEB-4E82-8CA7-47C47A29AD86}.Release Personal|ARM.Build.0 = Release|ARM
		{EA7A47C6-7AEB-4E82-8CA7-47C47A29AD86}.Release Personal|x64.ActiveCfg = Release|x64
		{EA7A47C6-7AEB-4E82-8CA7-47C47A29AD86}.Release Personal|x64.Build.0 = Release|x64
		{EA7A47C6-7AEB-4E82-8CA7-47C47A29AD86}.Release Personal|x86.ActiveCfg = Release|x86
		{EA7A47C6-7AEB-4E82-8CA7-47C47A29AD86}.Release Personal|x86.Build.0 = Release|x86
		{EA7A47C6-7AEB-4E82-8CA7-47C47A29AD86}.Release|Any CPU.ActiveCfg = Release|Any CPU
		{EA7A47C6-7AEB-4E82-8CA7-47C47A29AD86}.Release|Any CPU.Build.0 = Release|Any CPU
		{EA7A47C6-7AEB-4E82-8CA7-47C47A29AD86}.Release|ARM.ActiveCfg = Release|ARM
		{EA7A47C6-7AEB-4E82-8CA7-47C47A29AD86}.Release|ARM.Build.0 = Release|ARM
		{EA7A47C6-7AEB-4E82-8CA7-47C47A29AD86}.Release|x64.ActiveCfg = Release|x64
		{EA7A47C6-7AEB-4E82-8CA7-47C47A29AD86}.Release|x64.Build.0 = Release|x64
		{EA7A47C6-7AEB-4E82-8CA7-47C47A29AD86}.Release|x86.ActiveCfg = Release|x86
		{EA7A47C6-7AEB-4E82-8CA7-47C47A29AD86}.Release|x86.Build.0 = Release|x86
	EndGlobalSection
	GlobalSection(SolutionProperties) = preSolution
		HideSolutionNode = FALSE
	EndGlobalSection
	GlobalSection(NestedProjects) = preSolution
		{146ED221-2FCD-42B6-8A1E-88E43DD00C8A} = {0220AF3A-E842-4792-8ED0-763BB6A68727}
		{4E5D8824-CC49-41A4-BC97-3E5BC5378754} = {72373023-72DC-42D1-A4CE-F1B21276D20E}
		{A28A5353-AFBB-4F9E-A1AA-1C9B49523028} = {72373023-72DC-42D1-A4CE-F1B21276D20E}
		{75A3873F-015F-4784-B6A6-8A4484FBE48D} = {0220AF3A-E842-4792-8ED0-763BB6A68727}
		{3FBC6023-4FDA-40DE-9937-6CA019ADD09A} = {0220AF3A-E842-4792-8ED0-763BB6A68727}
		{E66B6C80-38B7-4929-B6B9-B9FC8F62C356} = {72373023-72DC-42D1-A4CE-F1B21276D20E}
		{7EDFE360-EEFA-42DC-A5DA-DCEFFA32DEFE} = {72373023-72DC-42D1-A4CE-F1B21276D20E}
		{71B78345-8B19-4FCD-881A-D6A2D137E522} = {0220AF3A-E842-4792-8ED0-763BB6A68727}
		{5A682B87-3AF5-41F7-96B8-BAF0D9E2FD67} = {DC206565-1379-4567-AEAA-E7CCA3E8E435}
		{FE0D900E-D3AB-44E6-AF92-F0B4768AB512} = {DC206565-1379-4567-AEAA-E7CCA3E8E435}
		{EA7A47C6-7AEB-4E82-8CA7-47C47A29AD86} = {DC206565-1379-4567-AEAA-E7CCA3E8E435}
	EndGlobalSection
EndGlobal
