
Microsoft Visual Studio Solution File, Format Version 12.00
# Visual Studio 2012
Project("{FAE04EC0-301F-11D3-BF4B-00C04F79EFBC}") = "Shane.Church.StirlingMoney", "Shane.Church.StirlingMoney\Shane.Church.StirlingMoney.csproj", "{B2679BCD-C2AF-4C55-869E-99DAC7830E6E}"
EndProject
Project("{FAE04EC0-301F-11D3-BF4B-00C04F79EFBC}") = "Shane.Church.StirlingMoney.Data.Sync", "Shane.Church.StirlingMoney.Data.Client\Shane.Church.StirlingMoney.Data.Sync.csproj", "{9F565245-1A04-4855-ADD2-030B972FDA95}"
EndProject
Project("{FAE04EC0-301F-11D3-BF4B-00C04F79EFBC}") = "Shane.Church.StirlingMoney.Data.Server", "Shane.Church.StirlingMoney.Data.Server\Shane.Church.StirlingMoney.Data.Server.csproj", "{BE5F7043-53F5-4B8B-87A9-9625140BE15D}"
EndProject
Project("{FAE04EC0-301F-11D3-BF4B-00C04F79EFBC}") = "Shane.Church.StirlingMoney.Agent", "Shane.Church.StirlingMoney.Agent\Shane.Church.StirlingMoney.Agent.csproj", "{383E7E07-5A0D-47D8-8CE6-284BB44EA08A}"
EndProject
Project("{FAE04EC0-301F-11D3-BF4B-00C04F79EFBC}") = "Shane.Church.Utility", "Shane.Church.Utility\Shane.Church.Utility.csproj", "{4CC9A946-A01F-4940-A908-B394BCF95BD9}"
EndProject
Project("{FAE04EC0-301F-11D3-BF4B-00C04F79EFBC}") = "Shane.Church.StirlingMoney.ViewModels", "Shane.Church.StirlingMoney.ViewModels\Shane.Church.StirlingMoney.ViewModels.csproj", "{0F3241BA-BC12-47CF-8699-1C321D70A063}"
EndProject
Project("{FAE04EC0-301F-11D3-BF4B-00C04F79EFBC}") = "Shane.Church.StirlingMoney.Data", "Shane.Church.StirlingMoney.Data\Shane.Church.StirlingMoney.Data.csproj", "{146ED221-2FCD-42B6-8A1E-88E43DD00C8A}"
EndProject
Project("{FAE04EC0-301F-11D3-BF4B-00C04F79EFBC}") = "Shane.Church.StirlingMoney.Tiles", "Shane.Church.StirlingMoney.Tiles\Shane.Church.StirlingMoney.Tiles.csproj", "{A55BEF31-41F6-4287-8F66-394B329714D5}"
EndProject
Project("{FAE04EC0-301F-11D3-BF4B-00C04F79EFBC}") = "Shane.Church.StirlingMoney.ViewModels.Personal", "Shane.Church.StirlingMoney.ViewModels.Personal\Shane.Church.StirlingMoney.ViewModels.Personal.csproj", "{27355E0C-DDB9-4F6E-81A7-D6DB163780CD}"
EndProject
Project("{FAE04EC0-301F-11D3-BF4B-00C04F79EFBC}") = "Shane.Church.StirlingMoney.Personal", "Shane.Church.StirlingMoney.Personal\Shane.Church.StirlingMoney.Personal.csproj", "{7CEBA024-137A-47B9-8BB8-76059E8C5449}"
EndProject
Project("{2150E333-8FDC-42A3-9474-1A3956D46DE8}") = ".nuget", ".nuget", "{ECB48E10-D909-4C50-B517-478D8E50908A}"
	ProjectSection(SolutionItems) = preProject
		.nuget\NuGet.Config = .nuget\NuGet.Config
		.nuget\NuGet.exe = .nuget\NuGet.exe
		.nuget\NuGet.targets = .nuget\NuGet.targets
	EndProjectSection
EndProject
Global
	GlobalSection(TeamFoundationVersionControl) = preSolution
		SccNumberOfProjects = 11
		SccEnterpriseProvider = {4CA58AB2-18FA-4F8D-95D4-32DDF27D184C}
		SccTeamFoundationServer = https://churchs19.visualstudio.com/defaultcollection
		SccLocalPath0 = .
		SccProjectUniqueName1 = Shane.Church.StirlingMoney.Agent\\Shane.Church.StirlingMoney.Agent.csproj
		SccProjectName1 = Shane.Church.StirlingMoney.Agent
		SccLocalPath1 = Shane.Church.StirlingMoney.Agent
		SccProjectUniqueName2 = Shane.Church.StirlingMoney.Data.Client\\Shane.Church.StirlingMoney.Data.Sync.csproj
		SccProjectName2 = Shane.Church.StirlingMoney.Data.Client
		SccLocalPath2 = Shane.Church.StirlingMoney.Data.Client
		SccProjectUniqueName3 = Shane.Church.StirlingMoney.Data.Server\\Shane.Church.StirlingMoney.Data.Server.csproj
		SccProjectName3 = Shane.Church.StirlingMoney.Data.Server
		SccLocalPath3 = Shane.Church.StirlingMoney.Data.Server
		SccProjectUniqueName4 = Shane.Church.StirlingMoney.Data\\Shane.Church.StirlingMoney.Data.csproj
		SccProjectName4 = Shane.Church.StirlingMoney.Data
		SccLocalPath4 = Shane.Church.StirlingMoney.Data
		SccProjectUniqueName5 = Shane.Church.StirlingMoney.Personal\\Shane.Church.StirlingMoney.Personal.csproj
		SccProjectName5 = Shane.Church.StirlingMoney.Personal
		SccLocalPath5 = Shane.Church.StirlingMoney.Personal
		SccProjectUniqueName6 = Shane.Church.StirlingMoney.Tiles\\Shane.Church.StirlingMoney.Tiles.csproj
		SccProjectName6 = Shane.Church.StirlingMoney.Tiles
		SccLocalPath6 = Shane.Church.StirlingMoney.Tiles
		SccProjectUniqueName7 = Shane.Church.StirlingMoney.ViewModels.Personal\\Shane.Church.StirlingMoney.ViewModels.Personal.csproj
		SccProjectName7 = Shane.Church.StirlingMoney.ViewModels.Personal
		SccLocalPath7 = Shane.Church.StirlingMoney.ViewModels.Personal
		SccProjectUniqueName8 = Shane.Church.StirlingMoney.ViewModels\\Shane.Church.StirlingMoney.ViewModels.csproj
		SccProjectName8 = Shane.Church.StirlingMoney.ViewModels
		SccLocalPath8 = Shane.Church.StirlingMoney.ViewModels
		SccProjectUniqueName9 = Shane.Church.StirlingMoney\\Shane.Church.StirlingMoney.csproj
		SccProjectName9 = Shane.Church.StirlingMoney
		SccLocalPath9 = Shane.Church.StirlingMoney
		SccProjectUniqueName10 = Shane.Church.Utility\\Shane.Church.Utility.csproj
		SccProjectName10 = Shane.Church.Utility
		SccLocalPath10 = Shane.Church.Utility
	EndGlobalSection
	GlobalSection(SolutionConfigurationPlatforms) = preSolution
		Debug Personal|Any CPU = Debug Personal|Any CPU
		Debug|Any CPU = Debug|Any CPU
		Release Personal|Any CPU = Release Personal|Any CPU
		Release|Any CPU = Release|Any CPU
	EndGlobalSection
	GlobalSection(ProjectConfigurationPlatforms) = postSolution
		{B2679BCD-C2AF-4C55-869E-99DAC7830E6E}.Debug Personal|Any CPU.ActiveCfg = Debug|Any CPU
		{B2679BCD-C2AF-4C55-869E-99DAC7830E6E}.Debug|Any CPU.ActiveCfg = Debug|Any CPU
		{B2679BCD-C2AF-4C55-869E-99DAC7830E6E}.Debug|Any CPU.Build.0 = Debug|Any CPU
		{B2679BCD-C2AF-4C55-869E-99DAC7830E6E}.Debug|Any CPU.Deploy.0 = Debug|Any CPU
		{B2679BCD-C2AF-4C55-869E-99DAC7830E6E}.Release Personal|Any CPU.ActiveCfg = Release|Any CPU
		{B2679BCD-C2AF-4C55-869E-99DAC7830E6E}.Release|Any CPU.ActiveCfg = Release|Any CPU
		{B2679BCD-C2AF-4C55-869E-99DAC7830E6E}.Release|Any CPU.Build.0 = Release|Any CPU
		{B2679BCD-C2AF-4C55-869E-99DAC7830E6E}.Release|Any CPU.Deploy.0 = Release|Any CPU
		{9F565245-1A04-4855-ADD2-030B972FDA95}.Debug Personal|Any CPU.ActiveCfg = Debug|Any CPU
		{9F565245-1A04-4855-ADD2-030B972FDA95}.Debug Personal|Any CPU.Build.0 = Debug|Any CPU
		{9F565245-1A04-4855-ADD2-030B972FDA95}.Debug|Any CPU.ActiveCfg = Debug|Any CPU
		{9F565245-1A04-4855-ADD2-030B972FDA95}.Release Personal|Any CPU.ActiveCfg = Release|Any CPU
		{9F565245-1A04-4855-ADD2-030B972FDA95}.Release Personal|Any CPU.Build.0 = Release|Any CPU
		{9F565245-1A04-4855-ADD2-030B972FDA95}.Release|Any CPU.ActiveCfg = Release|Any CPU
		{BE5F7043-53F5-4B8B-87A9-9625140BE15D}.Debug Personal|Any CPU.ActiveCfg = Debug|Any CPU
		{BE5F7043-53F5-4B8B-87A9-9625140BE15D}.Debug Personal|Any CPU.Build.0 = Debug|Any CPU
		{BE5F7043-53F5-4B8B-87A9-9625140BE15D}.Debug|Any CPU.ActiveCfg = Debug|Any CPU
		{BE5F7043-53F5-4B8B-87A9-9625140BE15D}.Release Personal|Any CPU.ActiveCfg = Release|Any CPU
		{BE5F7043-53F5-4B8B-87A9-9625140BE15D}.Release Personal|Any CPU.Build.0 = Release|Any CPU
		{BE5F7043-53F5-4B8B-87A9-9625140BE15D}.Release|Any CPU.ActiveCfg = Release|Any CPU
		{383E7E07-5A0D-47D8-8CE6-284BB44EA08A}.Debug Personal|Any CPU.ActiveCfg = Debug|Any CPU
		{383E7E07-5A0D-47D8-8CE6-284BB44EA08A}.Debug Personal|Any CPU.Build.0 = Debug|Any CPU
		{383E7E07-5A0D-47D8-8CE6-284BB44EA08A}.Debug|Any CPU.ActiveCfg = Debug|Any CPU
		{383E7E07-5A0D-47D8-8CE6-284BB44EA08A}.Release Personal|Any CPU.ActiveCfg = Release|Any CPU
		{383E7E07-5A0D-47D8-8CE6-284BB44EA08A}.Release Personal|Any CPU.Build.0 = Release|Any CPU
		{383E7E07-5A0D-47D8-8CE6-284BB44EA08A}.Release|Any CPU.ActiveCfg = Release|Any CPU
		{4CC9A946-A01F-4940-A908-B394BCF95BD9}.Debug Personal|Any CPU.ActiveCfg = Debug|Any CPU
		{4CC9A946-A01F-4940-A908-B394BCF95BD9}.Debug Personal|Any CPU.Build.0 = Debug|Any CPU
		{4CC9A946-A01F-4940-A908-B394BCF95BD9}.Debug|Any CPU.ActiveCfg = Debug|Any CPU
		{4CC9A946-A01F-4940-A908-B394BCF95BD9}.Debug|Any CPU.Build.0 = Debug|Any CPU
		{4CC9A946-A01F-4940-A908-B394BCF95BD9}.Release Personal|Any CPU.ActiveCfg = Release|Any CPU
		{4CC9A946-A01F-4940-A908-B394BCF95BD9}.Release Personal|Any CPU.Build.0 = Release|Any CPU
		{4CC9A946-A01F-4940-A908-B394BCF95BD9}.Release|Any CPU.ActiveCfg = Release|Any CPU
		{4CC9A946-A01F-4940-A908-B394BCF95BD9}.Release|Any CPU.Build.0 = Release|Any CPU
		{0F3241BA-BC12-47CF-8699-1C321D70A063}.Debug Personal|Any CPU.ActiveCfg = Debug|Any CPU
		{0F3241BA-BC12-47CF-8699-1C321D70A063}.Debug|Any CPU.ActiveCfg = Debug|Any CPU
		{0F3241BA-BC12-47CF-8699-1C321D70A063}.Debug|Any CPU.Build.0 = Debug|Any CPU
		{0F3241BA-BC12-47CF-8699-1C321D70A063}.Release Personal|Any CPU.ActiveCfg = Release|Any CPU
		{0F3241BA-BC12-47CF-8699-1C321D70A063}.Release|Any CPU.ActiveCfg = Release|Any CPU
		{0F3241BA-BC12-47CF-8699-1C321D70A063}.Release|Any CPU.Build.0 = Release|Any CPU
		{146ED221-2FCD-42B6-8A1E-88E43DD00C8A}.Debug Personal|Any CPU.ActiveCfg = Debug|Any CPU
		{146ED221-2FCD-42B6-8A1E-88E43DD00C8A}.Debug|Any CPU.ActiveCfg = Debug|Any CPU
		{146ED221-2FCD-42B6-8A1E-88E43DD00C8A}.Debug|Any CPU.Build.0 = Debug|Any CPU
		{146ED221-2FCD-42B6-8A1E-88E43DD00C8A}.Release Personal|Any CPU.ActiveCfg = Release|Any CPU
		{146ED221-2FCD-42B6-8A1E-88E43DD00C8A}.Release Personal|Any CPU.Build.0 = Release|Any CPU
		{146ED221-2FCD-42B6-8A1E-88E43DD00C8A}.Release|Any CPU.ActiveCfg = Release|Any CPU
		{146ED221-2FCD-42B6-8A1E-88E43DD00C8A}.Release|Any CPU.Build.0 = Release|Any CPU
		{A55BEF31-41F6-4287-8F66-394B329714D5}.Debug Personal|Any CPU.ActiveCfg = Debug|Any CPU
		{A55BEF31-41F6-4287-8F66-394B329714D5}.Debug Personal|Any CPU.Build.0 = Debug|Any CPU
		{A55BEF31-41F6-4287-8F66-394B329714D5}.Debug|Any CPU.ActiveCfg = Debug|Any CPU
		{A55BEF31-41F6-4287-8F66-394B329714D5}.Debug|Any CPU.Build.0 = Debug|Any CPU
		{A55BEF31-41F6-4287-8F66-394B329714D5}.Release Personal|Any CPU.ActiveCfg = Release|Any CPU
		{A55BEF31-41F6-4287-8F66-394B329714D5}.Release Personal|Any CPU.Build.0 = Release|Any CPU
		{A55BEF31-41F6-4287-8F66-394B329714D5}.Release|Any CPU.ActiveCfg = Release|Any CPU
		{A55BEF31-41F6-4287-8F66-394B329714D5}.Release|Any CPU.Build.0 = Release|Any CPU
		{27355E0C-DDB9-4F6E-81A7-D6DB163780CD}.Debug Personal|Any CPU.ActiveCfg = Debug|Any CPU
		{27355E0C-DDB9-4F6E-81A7-D6DB163780CD}.Debug Personal|Any CPU.Build.0 = Debug|Any CPU
		{27355E0C-DDB9-4F6E-81A7-D6DB163780CD}.Debug|Any CPU.ActiveCfg = Debug|Any CPU
		{27355E0C-DDB9-4F6E-81A7-D6DB163780CD}.Release Personal|Any CPU.ActiveCfg = Release|Any CPU
		{27355E0C-DDB9-4F6E-81A7-D6DB163780CD}.Release Personal|Any CPU.Build.0 = Release|Any CPU
		{27355E0C-DDB9-4F6E-81A7-D6DB163780CD}.Release|Any CPU.ActiveCfg = Release|Any CPU
		{7CEBA024-137A-47B9-8BB8-76059E8C5449}.Debug Personal|Any CPU.ActiveCfg = Debug|Any CPU
		{7CEBA024-137A-47B9-8BB8-76059E8C5449}.Debug Personal|Any CPU.Build.0 = Debug|Any CPU
		{7CEBA024-137A-47B9-8BB8-76059E8C5449}.Debug Personal|Any CPU.Deploy.0 = Debug|Any CPU
		{7CEBA024-137A-47B9-8BB8-76059E8C5449}.Debug|Any CPU.ActiveCfg = Debug|Any CPU
		{7CEBA024-137A-47B9-8BB8-76059E8C5449}.Release Personal|Any CPU.ActiveCfg = Release|Any CPU
		{7CEBA024-137A-47B9-8BB8-76059E8C5449}.Release Personal|Any CPU.Build.0 = Release|Any CPU
		{7CEBA024-137A-47B9-8BB8-76059E8C5449}.Release Personal|Any CPU.Deploy.0 = Release|Any CPU
		{7CEBA024-137A-47B9-8BB8-76059E8C5449}.Release|Any CPU.ActiveCfg = Release|Any CPU
	EndGlobalSection
	GlobalSection(SolutionProperties) = preSolution
		HideSolutionNode = FALSE
	EndGlobalSection
EndGlobal
